{
  "originHash" : "a55836446179d36472ff49398632c931f6ef30fd5bcb40f2a72ad55db234db7a",
  "pins" : [
    {
      "identity" : "appearance",
      "kind" : "remoteSourceControl",
      "location" : "https://github.com/TopScrech/Appearance",
      "state" : {
        "revision" : "a4f7de766bbf2a9f29d8fe0cf1579f9642f312d5",
        "version" : "1.0.2"
      }
    },
    {
      "identity" : "chit-chat",
      "kind" : "remoteSourceControl",
      "location" : "https://github.com/TopScrech/Chit-Chat",
      "state" : {
        "revision" : "3364222fe76b967e541c688101e93efbf7c989d8",
        "version" : "1.0.3"
      }
    },
    {
      "identity" : "healthykit",
      "kind" : "remoteSourceControl",
      "location" : "https://github.com/TopScrech/HealthyKit",
      "state" : {
        "revision" : "f3f1fffd08de47fbb93090668a5b18ea1fed569b",
        "version" : "1.0.1"
      }
    },
    {
      "identity" : "liquid-glass-alert",
      "kind" : "remoteSourceControl",
      "location" : "https://github.com/TopScrech/Liquid-Glass-Alert",
      "state" : {
        "revision" : "3a336087fcaadb3b2f10018b55ad81a74ce1f4bd",
        "version" : "1.0.1"
      }
    },
    {
      "identity" : "screchkit",
      "kind" : "remoteSourceControl",
      "location" : "https://github.com/TopScrech/ScrechKit",
      "state" : {
        "revision" : "fa0df6751173daac9349e6f8c01bb8f9d01cb112",
        "version" : "1.0.6"
      }
    },
    {
      "identity" : "swift-algorithms",
      "kind" : "remoteSourceControl",
      "location" : "https://github.com/apple/swift-algorithms.git",
      "state" : {
        "revision" : "87e50f483c54e6efd60e885f7f5aa946cee68023",
        "version" : "1.2.1"
      }
    },
    {
      "identity" : "swift-numerics",
      "kind" : "remoteSourceControl",
      "location" : "https://github.com/apple/swift-numerics.git",
      "state" : {
        "revision" : "0c0290ff6b24942dadb83a929ffaaa1481df04a2",
        "version" : "1.1.1"
      }
    }
  ],
  "version" : 3
}
