{
  "originHash" : "e9f931d9f4ceee7cbc376ab84799bdad13cfa9e42551030ae05a074b5c8c6b42",
  "pins" : [
    {
      "identity" : "appearance",
      "kind" : "remoteSourceControl",
      "location" : "https://github.com/TopScrech/Appearance",
      "state" : {
        "branch" : "main",
        "revision" : "88fc26ebed3e28d5f549fa76770dd464a3df852d"
      }
    },
    {
      "identity" : "chit-chat",
      "kind" : "remoteSourceControl",
      "location" : "https://github.com/TopScrech/Chit-Chat",
      "state" : {
        "branch" : "main",
        "revision" : "fae7a6ead89161e55c173a7b620f1dffc12da239"
      }
    },
    {
      "identity" : "healthykit",
      "kind" : "remoteSourceControl",
      "location" : "https://github.com/TopScrech/HealthyKit",
      "state" : {
        "branch" : "main",
        "revision" : "268d1834a7b391051dffd6fac4da7ef286bf44c2"
      }
    },
    {
      "identity" : "screchkit",
      "kind" : "remoteSourceControl",
      "location" : "https://github.com/TopScrech/ScrechKit",
      "state" : {
        "branch" : "main",
        "revision" : "fd773c46059dfaa41dbe3e754ba672f1273ea074"
      }
    },
    {
      "identity" : "swift-algorithms",
      "kind" : "remoteSourceControl",
      "location" : "https://github.com/apple/swift-algorithms.git",
      "state" : {
        "revision" : "87e50f483c54e6efd60e885f7f5aa946cee68023",
        "version" : "1.2.1"
      }
    },
    {
      "identity" : "swift-numerics",
      "kind" : "remoteSourceControl",
      "location" : "https://github.com/apple/swift-numerics.git",
      "state" : {
        "revision" : "0c0290ff6b24942dadb83a929ffaaa1481df04a2",
        "version" : "1.1.1"
      }
    }
  ],
  "version" : 3
}
