{
  "originHash" : "163a79d6e93d9b22711f5534cf74f5c375b1951afef48efec92af422e3812be1",
  "pins" : [
    {
      "identity" : "appearance",
      "kind" : "remoteSourceControl",
      "location" : "https://github.com/TopScrech/Appearance",
      "state" : {
        "branch" : "main",
        "revision" : "ffd455ead37ffdf6809381083b85192a909eb001"
      }
    },
    {
      "identity" : "healthykit",
      "kind" : "remoteSourceControl",
      "location" : "https://github.com/TopScrech/HealthyKit",
      "state" : {
        "branch" : "main",
        "revision" : "9ddd124401dc1c1426924cfb119feebd1e8a24f6"
      }
    },
    {
      "identity" : "screchkit",
      "kind" : "remoteSourceControl",
      "location" : "https://github.com/TopScrech/ScrechKit",
      "state" : {
        "branch" : "main",
        "revision" : "28f4be08c8801f324b0c6e107edf5982291296f6"
      }
    },
    {
      "identity" : "swift-algorithms",
      "kind" : "remoteSourceControl",
      "location" : "https://github.com/apple/swift-algorithms.git",
      "state" : {
        "revision" : "87e50f483c54e6efd60e885f7f5aa946cee68023",
        "version" : "1.2.1"
      }
    },
    {
      "identity" : "swift-numerics",
      "kind" : "remoteSourceControl",
      "location" : "https://github.com/apple/swift-numerics.git",
      "state" : {
        "revision" : "0c0290ff6b24942dadb83a929ffaaa1481df04a2",
        "version" : "1.1.1"
      }
    }
  ],
  "version" : 3
}
