// !$*UTF8*$!
{
	archiveVersion = 1;
	classes = {
	};
	objectVersion = 77;
	objects = {

/* Begin PBXBuildFile section */
		F322ADA72D2E943900EAC12A /* New Record Insulin.swift in Sources */ = {isa = PBXBuildFile; fileRef = F322ADA62D2E943900EAC12A /* New Record Insulin.swift */; };
		F322ADA92D2E961300EAC12A /* New Record Glucose.swift in Sources */ = {isa = PBXBuildFile; fileRef = F322ADA82D2E961300EAC12A /* New Record Glucose.swift */; };
		F322ADAB2D2E961500EAC12A /* New Record Carbs.swift in Sources */ = {isa = PBXBuildFile; fileRef = F322ADAA2D2E961500EAC12A /* New Record Carbs.swift */; };
		F322ADAD2D2E967000EAC12A /* Recor Type.swift in Sources */ = {isa = PBXBuildFile; fileRef = F322ADAC2D2E967000EAC12A /* Recor Type.swift */; };
		F322ADAF2D2E975A00EAC12A /* Meal Time.swift in Sources */ = {isa = PBXBuildFile; fileRef = F322ADAE2D2E975A00EAC12A /* Meal Time.swift */; };
		F32B20932CD5824400925351 /* Home View.swift in Sources */ = {isa = PBXBuildFile; fileRef = F32B208F2CD5824400925351 /* Home View.swift */; };
		F32B20942CD5824400925351 /* Glucosy.swift in Sources */ = {isa = PBXBuildFile; fileRef = F32B20912CD5824400925351 /* Glucosy.swift */; };
		F32B20962CD5824400925351 /* Assets.xcassets in Resources */ = {isa = PBXBuildFile; fileRef = F32B208E2CD5824400925351 /* Assets.xcassets */; };
		F32B20992CD5830200925351 /* Localizable.xcstrings in Resources */ = {isa = PBXBuildFile; fileRef = F32B20982CD5830200925351 /* Localizable.xcstrings */; };
		F32B209B2CD5840400925351 /* App Container.swift in Sources */ = {isa = PBXBuildFile; fileRef = F32B209A2CD5840400925351 /* App Container.swift */; };
		F32B209E2CD5852800925351 /* HealthyKit in Frameworks */ = {isa = PBXBuildFile; productRef = F32B209D2CD5852800925351 /* HealthyKit */; };
		F32B20A12CD5853500925351 /* ScrechKit in Frameworks */ = {isa = PBXBuildFile; productRef = F32B20A02CD5853500925351 /* ScrechKit */; };
		F32B20A42CD5854700925351 /* Algorithms in Frameworks */ = {isa = PBXBuildFile; productRef = F32B20A32CD5854700925351 /* Algorithms */; };
		F32B20A82CD5859000925351 /* Record List.swift in Sources */ = {isa = PBXBuildFile; fileRef = F32B20A72CD5859000925351 /* Record List.swift */; };
		F32B20AA2CD5859700925351 /* App Settings.swift in Sources */ = {isa = PBXBuildFile; fileRef = F32B20A92CD5859700925351 /* App Settings.swift */; };
		F32B20AE2CD58C5E00925351 /* Today View.swift in Sources */ = {isa = PBXBuildFile; fileRef = F32B20AC2CD58C5E00925351 /* Today View.swift */; };
		F3B2CD1F2CE1760900743323 /* HealthKit.swift in Sources */ = {isa = PBXBuildFile; fileRef = F3B2CD1E2CE1760900743323 /* HealthKit.swift */; };
		F3B2CD212CE1773900743323 /* Carohydrates.swift in Sources */ = {isa = PBXBuildFile; fileRef = F3B2CD202CE1773900743323 /* Carohydrates.swift */; };
		F3B2CD232CE1784500743323 /* Delete.swift in Sources */ = {isa = PBXBuildFile; fileRef = F3B2CD222CE1784500743323 /* Delete.swift */; };
		F3B2CD2C2CE1786500743323 /* Write Carbs.swift in Sources */ = {isa = PBXBuildFile; fileRef = F3B2CD292CE1786500743323 /* Write Carbs.swift */; };
		F3B2CD2D2CE1786500743323 /* Read Glucose.swift in Sources */ = {isa = PBXBuildFile; fileRef = F3B2CD272CE1786500743323 /* Read Glucose.swift */; };
		F3B2CD2F2CE1786500743323 /* Write Insulin.swift in Sources */ = {isa = PBXBuildFile; fileRef = F3B2CD2B2CE1786500743323 /* Write Insulin.swift */; };
		F3B2CD302CE1786500743323 /* Write Glucose.swift in Sources */ = {isa = PBXBuildFile; fileRef = F3B2CD2A2CE1786500743323 /* Write Glucose.swift */; };
		F3B2CD332CE1786500743323 /* Read Insulin.swift in Sources */ = {isa = PBXBuildFile; fileRef = F3B2CD282CE1786500743323 /* Read Insulin.swift */; };
		F3B2CD352CE17B0700743323 /* Glucose List.swift in Sources */ = {isa = PBXBuildFile; fileRef = F3B2CD342CE17B0700743323 /* Glucose List.swift */; };
		F3B2CD372CE1820800743323 /* Glucose Card.swift in Sources */ = {isa = PBXBuildFile; fileRef = F3B2CD362CE1820800743323 /* Glucose Card.swift */; };
		F3B2CD392CE1840800743323 /* Insulin Type.swift in Sources */ = {isa = PBXBuildFile; fileRef = F3B2CD382CE1840800743323 /* Insulin Type.swift */; };
		F3B2CD3E2CE2132E00743323 /* Read Carbs.swift in Sources */ = {isa = PBXBuildFile; fileRef = F3B2CD3D2CE2132E00743323 /* Read Carbs.swift */; };
		F3B2CD402CE214BE00743323 /* Carbs List.swift in Sources */ = {isa = PBXBuildFile; fileRef = F3B2CD3F2CE214BE00743323 /* Carbs List.swift */; };
		F3B2CD422CE214C700743323 /* Insulin List.swift in Sources */ = {isa = PBXBuildFile; fileRef = F3B2CD412CE214C700743323 /* Insulin List.swift */; };
		F3B2CD442CE214EA00743323 /* Carbs Card.swift in Sources */ = {isa = PBXBuildFile; fileRef = F3B2CD432CE214EA00743323 /* Carbs Card.swift */; };
		F3B2CD462CE2154200743323 /* Source Name.swift in Sources */ = {isa = PBXBuildFile; fileRef = F3B2CD452CE2154200743323 /* Source Name.swift */; };
		F3B2CD482CE2158200743323 /* Insulin Card.swift in Sources */ = {isa = PBXBuildFile; fileRef = F3B2CD472CE2158200743323 /* Insulin Card.swift */; };
		F3B2CD4A2CE253B900743323 /* Glucose.swift in Sources */ = {isa = PBXBuildFile; fileRef = F3B2CD492CE253B900743323 /* Glucose.swift */; };
		F3B2CD4C2CE253CA00743323 /* Insulin.swift in Sources */ = {isa = PBXBuildFile; fileRef = F3B2CD4B2CE253CA00743323 /* Insulin.swift */; };
		F3B2CD522CE2597B00743323 /* New Record Sheet.swift in Sources */ = {isa = PBXBuildFile; fileRef = F3B2CD512CE2597B00743323 /* New Record Sheet.swift */; };
		F3B58A3A2CE354F0000FB1BE /* Source Image.swift in Sources */ = {isa = PBXBuildFile; fileRef = F3B58A392CE354F0000FB1BE /* Source Image.swift */; };
		F3F8ED502D2EA08A004A2638 /* ValueStorage.swift in Sources */ = {isa = PBXBuildFile; fileRef = F3F8ED4F2D2EA08A004A2638 /* ValueStorage.swift */; };
/* End PBXBuildFile section */

/* Begin PBXFileReference section */
		F322ADA62D2E943900EAC12A /* New Record Insulin.swift */ = {isa = PBXFileReference; lastKnownFileType = sourcecode.swift; path = "New Record Insulin.swift"; sourceTree = "<group>"; };
		F322ADA82D2E961300EAC12A /* New Record Glucose.swift */ = {isa = PBXFileReference; lastKnownFileType = sourcecode.swift; path = "New Record Glucose.swift"; sourceTree = "<group>"; };
		F322ADAA2D2E961500EAC12A /* New Record Carbs.swift */ = {isa = PBXFileReference; lastKnownFileType = sourcecode.swift; path = "New Record Carbs.swift"; sourceTree = "<group>"; };
		F322ADAC2D2E967000EAC12A /* Recor Type.swift */ = {isa = PBXFileReference; lastKnownFileType = sourcecode.swift; path = "Recor Type.swift"; sourceTree = "<group>"; };
		F322ADAE2D2E975A00EAC12A /* Meal Time.swift */ = {isa = PBXFileReference; lastKnownFileType = sourcecode.swift; path = "Meal Time.swift"; sourceTree = "<group>"; };
		F32B207A2CD5823B00925351 /* Glucosy.app */ = {isa = PBXFileReference; explicitFileType = wrapper.application; includeInIndex = 0; path = Glucosy.app; sourceTree = BUILT_PRODUCTS_DIR; };
		F32B208E2CD5824400925351 /* Assets.xcassets */ = {isa = PBXFileReference; lastKnownFileType = folder.assetcatalog; path = Assets.xcassets; sourceTree = "<group>"; };
		F32B208F2CD5824400925351 /* Home View.swift */ = {isa = PBXFileReference; lastKnownFileType = sourcecode.swift; path = "Home View.swift"; sourceTree = "<group>"; };
		F32B20902CD5824400925351 /* Glucosy.entitlements */ = {isa = PBXFileReference; lastKnownFileType = text.plist.entitlements; path = Glucosy.entitlements; sourceTree = "<group>"; };
		F32B20912CD5824400925351 /* Glucosy.swift */ = {isa = PBXFileReference; lastKnownFileType = sourcecode.swift; path = Glucosy.swift; sourceTree = "<group>"; };
		F32B20972CD5827D00925351 /* Info.plist */ = {isa = PBXFileReference; lastKnownFileType = text.plist; path = Info.plist; sourceTree = "<group>"; };
		F32B20982CD5830200925351 /* Localizable.xcstrings */ = {isa = PBXFileReference; lastKnownFileType = text.json.xcstrings; path = Localizable.xcstrings; sourceTree = "<group>"; };
		F32B209A2CD5840400925351 /* App Container.swift */ = {isa = PBXFileReference; lastKnownFileType = sourcecode.swift; path = "App Container.swift"; sourceTree = "<group>"; };
		F32B20A72CD5859000925351 /* Record List.swift */ = {isa = PBXFileReference; lastKnownFileType = sourcecode.swift; path = "Record List.swift"; sourceTree = "<group>"; };
		F32B20A92CD5859700925351 /* App Settings.swift */ = {isa = PBXFileReference; lastKnownFileType = sourcecode.swift; path = "App Settings.swift"; sourceTree = "<group>"; };
		F32B20AC2CD58C5E00925351 /* Today View.swift */ = {isa = PBXFileReference; lastKnownFileType = sourcecode.swift; path = "Today View.swift"; sourceTree = "<group>"; };
		F3B2CD1E2CE1760900743323 /* HealthKit.swift */ = {isa = PBXFileReference; lastKnownFileType = sourcecode.swift; path = HealthKit.swift; sourceTree = "<group>"; };
		F3B2CD202CE1773900743323 /* Carohydrates.swift */ = {isa = PBXFileReference; lastKnownFileType = sourcecode.swift; path = Carohydrates.swift; sourceTree = "<group>"; };
		F3B2CD222CE1784500743323 /* Delete.swift */ = {isa = PBXFileReference; lastKnownFileType = sourcecode.swift; path = Delete.swift; sourceTree = "<group>"; };
		F3B2CD272CE1786500743323 /* Read Glucose.swift */ = {isa = PBXFileReference; lastKnownFileType = sourcecode.swift; path = "Read Glucose.swift"; sourceTree = "<group>"; };
		F3B2CD282CE1786500743323 /* Read Insulin.swift */ = {isa = PBXFileReference; lastKnownFileType = sourcecode.swift; path = "Read Insulin.swift"; sourceTree = "<group>"; };
		F3B2CD292CE1786500743323 /* Write Carbs.swift */ = {isa = PBXFileReference; lastKnownFileType = sourcecode.swift; path = "Write Carbs.swift"; sourceTree = "<group>"; };
		F3B2CD2A2CE1786500743323 /* Write Glucose.swift */ = {isa = PBXFileReference; lastKnownFileType = sourcecode.swift; path = "Write Glucose.swift"; sourceTree = "<group>"; };
		F3B2CD2B2CE1786500743323 /* Write Insulin.swift */ = {isa = PBXFileReference; lastKnownFileType = sourcecode.swift; path = "Write Insulin.swift"; sourceTree = "<group>"; };
		F3B2CD342CE17B0700743323 /* Glucose List.swift */ = {isa = PBXFileReference; lastKnownFileType = sourcecode.swift; path = "Glucose List.swift"; sourceTree = "<group>"; };
		F3B2CD362CE1820800743323 /* Glucose Card.swift */ = {isa = PBXFileReference; lastKnownFileType = sourcecode.swift; path = "Glucose Card.swift"; sourceTree = "<group>"; };
		F3B2CD382CE1840800743323 /* Insulin Type.swift */ = {isa = PBXFileReference; lastKnownFileType = sourcecode.swift; path = "Insulin Type.swift"; sourceTree = "<group>"; };
		F3B2CD3D2CE2132E00743323 /* Read Carbs.swift */ = {isa = PBXFileReference; lastKnownFileType = sourcecode.swift; path = "Read Carbs.swift"; sourceTree = "<group>"; };
		F3B2CD3F2CE214BE00743323 /* Carbs List.swift */ = {isa = PBXFileReference; lastKnownFileType = sourcecode.swift; path = "Carbs List.swift"; sourceTree = "<group>"; };
		F3B2CD412CE214C700743323 /* Insulin List.swift */ = {isa = PBXFileReference; lastKnownFileType = sourcecode.swift; path = "Insulin List.swift"; sourceTree = "<group>"; };
		F3B2CD432CE214EA00743323 /* Carbs Card.swift */ = {isa = PBXFileReference; lastKnownFileType = sourcecode.swift; path = "Carbs Card.swift"; sourceTree = "<group>"; };
		F3B2CD452CE2154200743323 /* Source Name.swift */ = {isa = PBXFileReference; lastKnownFileType = sourcecode.swift; path = "Source Name.swift"; sourceTree = "<group>"; };
		F3B2CD472CE2158200743323 /* Insulin Card.swift */ = {isa = PBXFileReference; lastKnownFileType = sourcecode.swift; path = "Insulin Card.swift"; sourceTree = "<group>"; };
		F3B2CD492CE253B900743323 /* Glucose.swift */ = {isa = PBXFileReference; lastKnownFileType = sourcecode.swift; path = Glucose.swift; sourceTree = "<group>"; };
		F3B2CD4B2CE253CA00743323 /* Insulin.swift */ = {isa = PBXFileReference; lastKnownFileType = sourcecode.swift; path = Insulin.swift; sourceTree = "<group>"; };
		F3B2CD512CE2597B00743323 /* New Record Sheet.swift */ = {isa = PBXFileReference; lastKnownFileType = sourcecode.swift; path = "New Record Sheet.swift"; sourceTree = "<group>"; };
		F3B58A392CE354F0000FB1BE /* Source Image.swift */ = {isa = PBXFileReference; lastKnownFileType = sourcecode.swift; path = "Source Image.swift"; sourceTree = "<group>"; };
		F3F8ED4F2D2EA08A004A2638 /* ValueStorage.swift */ = {isa = PBXFileReference; lastKnownFileType = sourcecode.swift; path = ValueStorage.swift; sourceTree = "<group>"; };
/* End PBXFileReference section */

/* Begin PBXFrameworksBuildPhase section */
		F32B20772CD5823B00925351 /* Frameworks */ = {
			isa = PBXFrameworksBuildPhase;
			buildActionMask = 2147483647;
			files = (
				F32B20A42CD5854700925351 /* Algorithms in Frameworks */,
				F32B209E2CD5852800925351 /* HealthyKit in Frameworks */,
				F32B20A12CD5853500925351 /* ScrechKit in Frameworks */,
			);
			runOnlyForDeploymentPostprocessing = 0;
		};
/* End PBXFrameworksBuildPhase section */

/* Begin PBXGroup section */
		F322ADA52D2E942A00EAC12A /* New Record */ = {
			isa = PBXGroup;
			children = (
				F3B2CD512CE2597B00743323 /* New Record Sheet.swift */,
				F322ADAC2D2E967000EAC12A /* Recor Type.swift */,
				F322ADAE2D2E975A00EAC12A /* Meal Time.swift */,
				F322ADA62D2E943900EAC12A /* New Record Insulin.swift */,
				F322ADA82D2E961300EAC12A /* New Record Glucose.swift */,
				F322ADAA2D2E961500EAC12A /* New Record Carbs.swift */,
			);
			path = "New Record";
			sourceTree = "<group>";
		};
		F32B20712CD5823B00925351 = {
			isa = PBXGroup;
			children = (
				F32B20922CD5824400925351 /* Glucosy */,
				F32B207B2CD5823B00925351 /* Products */,
			);
			sourceTree = "<group>";
		};
		F32B207B2CD5823B00925351 /* Products */ = {
			isa = PBXGroup;
			children = (
				F32B207A2CD5823B00925351 /* Glucosy.app */,
			);
			name = Products;
			sourceTree = "<group>";
		};
		F32B20922CD5824400925351 /* Glucosy */ = {
			isa = PBXGroup;
			children = (
				F32B20912CD5824400925351 /* Glucosy.swift */,
				F3F8ED4F2D2EA08A004A2638 /* ValueStorage.swift */,
				F32B20B12CD58C6D00925351 /* Nav */,
				F32B20972CD5827D00925351 /* Info.plist */,
				F32B208E2CD5824400925351 /* Assets.xcassets */,
				F32B20982CD5830200925351 /* Localizable.xcstrings */,
				F32B20902CD5824400925351 /* Glucosy.entitlements */,
				F32B208F2CD5824400925351 /* Home View.swift */,
				F32B20AF2CD58C6100925351 /* Records */,
				F32B20AD2CD58C5E00925351 /* Today */,
				F32B20B02CD58C6800925351 /* Settings */,
			);
			path = Glucosy;
			sourceTree = "<group>";
		};
		F32B20AD2CD58C5E00925351 /* Today */ = {
			isa = PBXGroup;
			children = (
				F32B20AC2CD58C5E00925351 /* Today View.swift */,
			);
			path = Today;
			sourceTree = "<group>";
		};
		F32B20AF2CD58C6100925351 /* Records */ = {
			isa = PBXGroup;
			children = (
				F32B20A72CD5859000925351 /* Record List.swift */,
				F3B2CD1E2CE1760900743323 /* HealthKit.swift */,
				F3B2CD452CE2154200743323 /* Source Name.swift */,
				F322ADA52D2E942A00EAC12A /* New Record */,
				F3B2CD502CE2552200743323 /* Glucose */,
				F3B2CD4F2CE2551A00743323 /* Carbs */,
				F3B2CD4E2CE2551200743323 /* Insulin */,
				F3B2CD3A2CE184AD00743323 /* HealthKit */,
			);
			path = Records;
			sourceTree = "<group>";
		};
		F32B20B02CD58C6800925351 /* Settings */ = {
			isa = PBXGroup;
			children = (
				F32B20A92CD5859700925351 /* App Settings.swift */,
			);
			path = Settings;
			sourceTree = "<group>";
		};
		F32B20B12CD58C6D00925351 /* Nav */ = {
			isa = PBXGroup;
			children = (
				F32B209A2CD5840400925351 /* App Container.swift */,
			);
			path = Nav;
			sourceTree = "<group>";
		};
		F3B2CD3A2CE184AD00743323 /* HealthKit */ = {
			isa = PBXGroup;
			children = (
				F3B2CD382CE1840800743323 /* Insulin Type.swift */,
				F3B2CD3D2CE2132E00743323 /* Read Carbs.swift */,
				F3B2CD272CE1786500743323 /* Read Glucose.swift */,
				F3B2CD282CE1786500743323 /* Read Insulin.swift */,
				F3B2CD292CE1786500743323 /* Write Carbs.swift */,
				F3B2CD2A2CE1786500743323 /* Write Glucose.swift */,
				F3B2CD2B2CE1786500743323 /* Write Insulin.swift */,
				F3B2CD222CE1784500743323 /* Delete.swift */,
				F3B2CD4D2CE253E400743323 /* Models */,
			);
			path = HealthKit;
			sourceTree = "<group>";
		};
		F3B2CD4D2CE253E400743323 /* Models */ = {
			isa = PBXGroup;
			children = (
				F3B2CD202CE1773900743323 /* Carohydrates.swift */,
				F3B2CD4B2CE253CA00743323 /* Insulin.swift */,
				F3B2CD492CE253B900743323 /* Glucose.swift */,
			);
			path = Models;
			sourceTree = "<group>";
		};
		F3B2CD4E2CE2551200743323 /* Insulin */ = {
			isa = PBXGroup;
			children = (
				F3B2CD412CE214C700743323 /* Insulin List.swift */,
				F3B2CD472CE2158200743323 /* Insulin Card.swift */,
				F3B58A392CE354F0000FB1BE /* Source Image.swift */,
			);
			path = Insulin;
			sourceTree = "<group>";
		};
		F3B2CD4F2CE2551A00743323 /* Carbs */ = {
			isa = PBXGroup;
			children = (
				F3B2CD3F2CE214BE00743323 /* Carbs List.swift */,
				F3B2CD432CE214EA00743323 /* Carbs Card.swift */,
			);
			path = Carbs;
			sourceTree = "<group>";
		};
		F3B2CD502CE2552200743323 /* Glucose */ = {
			isa = PBXGroup;
			children = (
				F3B2CD342CE17B0700743323 /* Glucose List.swift */,
				F3B2CD362CE1820800743323 /* Glucose Card.swift */,
			);
			path = Glucose;
			sourceTree = "<group>";
		};
/* End PBXGroup section */

/* Begin PBXNativeTarget section */
		F32B20792CD5823B00925351 /* Glucosy */ = {
			isa = PBXNativeTarget;
			buildConfigurationList = F32B20892CD5823B00925351 /* Build configuration list for PBXNativeTarget "Glucosy" */;
			buildPhases = (
				F32B20762CD5823B00925351 /* Sources */,
				F32B20772CD5823B00925351 /* Frameworks */,
				F32B20782CD5823B00925351 /* Resources */,
			);
			buildRules = (
			);
			dependencies = (
			);
			name = Glucosy;
			packageProductDependencies = (
				F32B209D2CD5852800925351 /* HealthyKit */,
				F32B20A02CD5853500925351 /* ScrechKit */,
				F32B20A32CD5854700925351 /* Algorithms */,
			);
			productName = Glucosy;
			productReference = F32B207A2CD5823B00925351 /* Glucosy.app */;
			productType = "com.apple.product-type.application";
		};
/* End PBXNativeTarget section */

/* Begin PBXProject section */
		F32B20722CD5823B00925351 /* Project object */ = {
			isa = PBXProject;
			attributes = {
				BuildIndependentTargetsInParallel = 1;
				LastSwiftUpdateCheck = 1620;
				LastUpgradeCheck = 1620;
				TargetAttributes = {
					F32B20792CD5823B00925351 = {
						CreatedOnToolsVersion = 16.2;
					};
				};
			};
			buildConfigurationList = F32B20752CD5823B00925351 /* Build configuration list for PBXProject "Glucosy" */;
			developmentRegion = en;
			hasScannedForEncodings = 0;
			knownRegions = (
				en,
				Base,
				ru,
			);
			mainGroup = F32B20712CD5823B00925351;
			minimizedProjectReferenceProxies = 1;
			packageReferences = (
				F32B209C2CD5852800925351 /* XCRemoteSwiftPackageReference "HealthyKit" */,
				F32B209F2CD5853500925351 /* XCRemoteSwiftPackageReference "ScrechKit" */,
				F32B20A22CD5854700925351 /* XCRemoteSwiftPackageReference "swift-algorithms" */,
			);
			preferredProjectObjectVersion = 77;
			productRefGroup = F32B207B2CD5823B00925351 /* Products */;
			projectDirPath = "";
			projectRoot = "";
			targets = (
				F32B20792CD5823B00925351 /* Glucosy */,
			);
		};
/* End PBXProject section */

/* Begin PBXResourcesBuildPhase section */
		F32B20782CD5823B00925351 /* Resources */ = {
			isa = PBXResourcesBuildPhase;
			buildActionMask = 2147483647;
			files = (
				F32B20992CD5830200925351 /* Localizable.xcstrings in Resources */,
				F32B20962CD5824400925351 /* Assets.xcassets in Resources */,
			);
			runOnlyForDeploymentPostprocessing = 0;
		};
/* End PBXResourcesBuildPhase section */

/* Begin PBXSourcesBuildPhase section */
		F32B20762CD5823B00925351 /* Sources */ = {
			isa = PBXSourcesBuildPhase;
			buildActionMask = 2147483647;
			files = (
				F3F8ED502D2EA08A004A2638 /* ValueStorage.swift in Sources */,
				F32B20932CD5824400925351 /* Home View.swift in Sources */,
				F32B20AE2CD58C5E00925351 /* Today View.swift in Sources */,
				F3B2CD212CE1773900743323 /* Carohydrates.swift in Sources */,
				F3B2CD1F2CE1760900743323 /* HealthKit.swift in Sources */,
				F3B2CD482CE2158200743323 /* Insulin Card.swift in Sources */,
				F32B20A82CD5859000925351 /* Record List.swift in Sources */,
				F322ADA92D2E961300EAC12A /* New Record Glucose.swift in Sources */,
				F322ADAF2D2E975A00EAC12A /* Meal Time.swift in Sources */,
				F3B2CD462CE2154200743323 /* Source Name.swift in Sources */,
				F32B20AA2CD5859700925351 /* App Settings.swift in Sources */,
				F3B2CD422CE214C700743323 /* Insulin List.swift in Sources */,
				F3B2CD4C2CE253CA00743323 /* Insulin.swift in Sources */,
				F3B2CD372CE1820800743323 /* Glucose Card.swift in Sources */,
				F3B2CD2C2CE1786500743323 /* Write Carbs.swift in Sources */,
				F3B2CD442CE214EA00743323 /* Carbs Card.swift in Sources */,
				F3B2CD3E2CE2132E00743323 /* Read Carbs.swift in Sources */,
				F3B2CD2D2CE1786500743323 /* Read Glucose.swift in Sources */,
				F3B2CD2F2CE1786500743323 /* Write Insulin.swift in Sources */,
				F3B2CD302CE1786500743323 /* Write Glucose.swift in Sources */,
				F3B2CD352CE17B0700743323 /* Glucose List.swift in Sources */,
				F322ADAB2D2E961500EAC12A /* New Record Carbs.swift in Sources */,
				F3B58A3A2CE354F0000FB1BE /* Source Image.swift in Sources */,
				F3B2CD332CE1786500743323 /* Read Insulin.swift in Sources */,
				F3B2CD4A2CE253B900743323 /* Glucose.swift in Sources */,
				F3B2CD392CE1840800743323 /* Insulin Type.swift in Sources */,
				F322ADA72D2E943900EAC12A /* New Record Insulin.swift in Sources */,
				F3B2CD402CE214BE00743323 /* Carbs List.swift in Sources */,
				F32B209B2CD5840400925351 /* App Container.swift in Sources */,
				F3B2CD232CE1784500743323 /* Delete.swift in Sources */,
				F322ADAD2D2E967000EAC12A /* Recor Type.swift in Sources */,
				F32B20942CD5824400925351 /* Glucosy.swift in Sources */,
				F3B2CD522CE2597B00743323 /* New Record Sheet.swift in Sources */,
			);
			runOnlyForDeploymentPostprocessing = 0;
		};
/* End PBXSourcesBuildPhase section */

/* Begin XCBuildConfiguration section */
		F32B20872CD5823B00925351 /* Debug */ = {
			isa = XCBuildConfiguration;
			buildSettings = {
				ALWAYS_SEARCH_USER_PATHS = NO;
				ASSETCATALOG_COMPILER_GENERATE_SWIFT_ASSET_SYMBOL_EXTENSIONS = YES;
				CLANG_ANALYZER_NONNULL = YES;
				CLANG_ANALYZER_NUMBER_OBJECT_CONVERSION = YES_AGGRESSIVE;
				CLANG_CXX_LANGUAGE_STANDARD = "gnu++20";
				CLANG_ENABLE_MODULES = YES;
				CLANG_ENABLE_OBJC_ARC = YES;
				CLANG_ENABLE_OBJC_WEAK = YES;
				CLANG_WARN_BLOCK_CAPTURE_AUTORELEASING = YES;
				CLANG_WARN_BOOL_CONVERSION = YES;
				CLANG_WARN_COMMA = YES;
				CLANG_WARN_CONSTANT_CONVERSION = YES;
				CLANG_WARN_DEPRECATED_OBJC_IMPLEMENTATIONS = YES;
				CLANG_WARN_DIRECT_OBJC_ISA_USAGE = YES_ERROR;
				CLANG_WARN_DOCUMENTATION_COMMENTS = YES;
				CLANG_WARN_EMPTY_BODY = YES;
				CLANG_WARN_ENUM_CONVERSION = YES;
				CLANG_WARN_INFINITE_RECURSION = YES;
				CLANG_WARN_INT_CONVERSION = YES;
				CLANG_WARN_NON_LITERAL_NULL_CONVERSION = YES;
				CLANG_WARN_OBJC_IMPLICIT_RETAIN_SELF = YES;
				CLANG_WARN_OBJC_LITERAL_CONVERSION = YES;
				CLANG_WARN_OBJC_ROOT_CLASS = YES_ERROR;
				CLANG_WARN_QUOTED_INCLUDE_IN_FRAMEWORK_HEADER = YES;
				CLANG_WARN_RANGE_LOOP_ANALYSIS = YES;
				CLANG_WARN_STRICT_PROTOTYPES = YES;
				CLANG_WARN_SUSPICIOUS_MOVE = YES;
				CLANG_WARN_UNGUARDED_AVAILABILITY = YES_AGGRESSIVE;
				CLANG_WARN_UNREACHABLE_CODE = YES;
				CLANG_WARN__DUPLICATE_METHOD_MATCH = YES;
				COPY_PHASE_STRIP = NO;
				DEBUG_INFORMATION_FORMAT = dwarf;
				ENABLE_STRICT_OBJC_MSGSEND = YES;
				ENABLE_TESTABILITY = YES;
				ENABLE_USER_SCRIPT_SANDBOXING = YES;
				GCC_C_LANGUAGE_STANDARD = gnu17;
				GCC_DYNAMIC_NO_PIC = NO;
				GCC_NO_COMMON_BLOCKS = YES;
				GCC_OPTIMIZATION_LEVEL = 0;
				GCC_PREPROCESSOR_DEFINITIONS = (
					"DEBUG=1",
					"$(inherited)",
				);
				GCC_WARN_64_TO_32_BIT_CONVERSION = YES;
				GCC_WARN_ABOUT_RETURN_TYPE = YES_ERROR;
				GCC_WARN_UNDECLARED_SELECTOR = YES;
				GCC_WARN_UNINITIALIZED_AUTOS = YES_AGGRESSIVE;
				GCC_WARN_UNUSED_FUNCTION = YES;
				GCC_WARN_UNUSED_VARIABLE = YES;
				LOCALIZATION_PREFERS_STRING_CATALOGS = YES;
				MTL_ENABLE_DEBUG_INFO = INCLUDE_SOURCE;
				MTL_FAST_MATH = YES;
				ONLY_ACTIVE_ARCH = YES;
				SWIFT_ACTIVE_COMPILATION_CONDITIONS = "DEBUG $(inherited)";
				SWIFT_EMIT_LOC_STRINGS = YES;
				SWIFT_OPTIMIZATION_LEVEL = "-Onone";
			};
			name = Debug;
		};
		F32B20882CD5823B00925351 /* Release */ = {
			isa = XCBuildConfiguration;
			buildSettings = {
				ALWAYS_SEARCH_USER_PATHS = NO;
				ASSETCATALOG_COMPILER_GENERATE_SWIFT_ASSET_SYMBOL_EXTENSIONS = YES;
				CLANG_ANALYZER_NONNULL = YES;
				CLANG_ANALYZER_NUMBER_OBJECT_CONVERSION = YES_AGGRESSIVE;
				CLANG_CXX_LANGUAGE_STANDARD = "gnu++20";
				CLANG_ENABLE_MODULES = YES;
				CLANG_ENABLE_OBJC_ARC = YES;
				CLANG_ENABLE_OBJC_WEAK = YES;
				CLANG_WARN_BLOCK_CAPTURE_AUTORELEASING = YES;
				CLANG_WARN_BOOL_CONVERSION = YES;
				CLANG_WARN_COMMA = YES;
				CLANG_WARN_CONSTANT_CONVERSION = YES;
				CLANG_WARN_DEPRECATED_OBJC_IMPLEMENTATIONS = YES;
				CLANG_WARN_DIRECT_OBJC_ISA_USAGE = YES_ERROR;
				CLANG_WARN_DOCUMENTATION_COMMENTS = YES;
				CLANG_WARN_EMPTY_BODY = YES;
				CLANG_WARN_ENUM_CONVERSION = YES;
				CLANG_WARN_INFINITE_RECURSION = YES;
				CLANG_WARN_INT_CONVERSION = YES;
				CLANG_WARN_NON_LITERAL_NULL_CONVERSION = YES;
				CLANG_WARN_OBJC_IMPLICIT_RETAIN_SELF = YES;
				CLANG_WARN_OBJC_LITERAL_CONVERSION = YES;
				CLANG_WARN_OBJC_ROOT_CLASS = YES_ERROR;
				CLANG_WARN_QUOTED_INCLUDE_IN_FRAMEWORK_HEADER = YES;
				CLANG_WARN_RANGE_LOOP_ANALYSIS = YES;
				CLANG_WARN_STRICT_PROTOTYPES = YES;
				CLANG_WARN_SUSPICIOUS_MOVE = YES;
				CLANG_WARN_UNGUARDED_AVAILABILITY = YES_AGGRESSIVE;
				CLANG_WARN_UNREACHABLE_CODE = YES;
				CLANG_WARN__DUPLICATE_METHOD_MATCH = YES;
				COPY_PHASE_STRIP = NO;
				DEBUG_INFORMATION_FORMAT = "dwarf-with-dsym";
				ENABLE_NS_ASSERTIONS = NO;
				ENABLE_STRICT_OBJC_MSGSEND = YES;
				ENABLE_USER_SCRIPT_SANDBOXING = YES;
				GCC_C_LANGUAGE_STANDARD = gnu17;
				GCC_NO_COMMON_BLOCKS = YES;
				GCC_WARN_64_TO_32_BIT_CONVERSION = YES;
				GCC_WARN_ABOUT_RETURN_TYPE = YES_ERROR;
				GCC_WARN_UNDECLARED_SELECTOR = YES;
				GCC_WARN_UNINITIALIZED_AUTOS = YES_AGGRESSIVE;
				GCC_WARN_UNUSED_FUNCTION = YES;
				GCC_WARN_UNUSED_VARIABLE = YES;
				LOCALIZATION_PREFERS_STRING_CATALOGS = YES;
				MTL_ENABLE_DEBUG_INFO = NO;
				MTL_FAST_MATH = YES;
				SWIFT_COMPILATION_MODE = wholemodule;
				SWIFT_EMIT_LOC_STRINGS = YES;
			};
			name = Release;
		};
		F32B208A2CD5823B00925351 /* Debug */ = {
			isa = XCBuildConfiguration;
			buildSettings = {
				ASSETCATALOG_COMPILER_APPICON_NAME = AppIcon;
				ASSETCATALOG_COMPILER_GLOBAL_ACCENT_COLOR_NAME = AccentColor;
				CODE_SIGN_ENTITLEMENTS = Glucosy/Glucosy.entitlements;
				CODE_SIGN_STYLE = Automatic;
				CURRENT_PROJECT_VERSION = 0;
				DEVELOPMENT_TEAM = 8FQUA2F388;
				ENABLE_HARDENED_RUNTIME = YES;
				ENABLE_PREVIEWS = YES;
				GENERATE_INFOPLIST_FILE = YES;
				INFOPLIST_FILE = Glucosy/Info.plist;
				INFOPLIST_KEY_CFBundleDisplayName = Glucosy;
				INFOPLIST_KEY_LSApplicationCategoryType = "public.app-category.healthcare-fitness";
				INFOPLIST_KEY_NSHealthShareUsageDescription = "Glucosy needs this permission in order to read health records";
				INFOPLIST_KEY_NSHealthUpdateUsageDescription = "Glucosy needs this permission in order to write health records";
				"INFOPLIST_KEY_UIApplicationSceneManifest_Generation[sdk=iphoneos*]" = YES;
				"INFOPLIST_KEY_UIApplicationSceneManifest_Generation[sdk=iphonesimulator*]" = YES;
				"INFOPLIST_KEY_UIApplicationSupportsIndirectInputEvents[sdk=iphoneos*]" = YES;
				"INFOPLIST_KEY_UIApplicationSupportsIndirectInputEvents[sdk=iphonesimulator*]" = YES;
				"INFOPLIST_KEY_UILaunchScreen_Generation[sdk=iphoneos*]" = YES;
				"INFOPLIST_KEY_UILaunchScreen_Generation[sdk=iphonesimulator*]" = YES;
				"INFOPLIST_KEY_UIStatusBarStyle[sdk=iphoneos*]" = UIStatusBarStyleDefault;
				"INFOPLIST_KEY_UIStatusBarStyle[sdk=iphonesimulator*]" = UIStatusBarStyleDefault;
				INFOPLIST_KEY_UISupportedInterfaceOrientations = "UIInterfaceOrientationLandscapeLeft UIInterfaceOrientationLandscapeRight UIInterfaceOrientationPortrait UIInterfaceOrientationPortraitUpsideDown";
				IPHONEOS_DEPLOYMENT_TARGET = 18.0;
				LD_RUNPATH_SEARCH_PATHS = "@executable_path/Frameworks";
				"LD_RUNPATH_SEARCH_PATHS[sdk=macosx*]" = "@executable_path/../Frameworks";
				MACOSX_DEPLOYMENT_TARGET = 15.0;
				MARKETING_VERSION = 0.9;
				PRODUCT_BUNDLE_IDENTIFIER = dev.topscrech.Glucosy;
				PRODUCT_NAME = "$(TARGET_NAME)";
				SDKROOT = auto;
				SUPPORTED_PLATFORMS = "iphoneos iphonesimulator xros xrsimulator";
				SUPPORTS_MACCATALYST = NO;
				SWIFT_EMIT_LOC_STRINGS = YES;
				SWIFT_VERSION = 5.0;
				TARGETED_DEVICE_FAMILY = "1,2,7";
				XROS_DEPLOYMENT_TARGET = 1.0;
			};
			name = Debug;
		};
		F32B208B2CD5823B00925351 /* Release */ = {
			isa = XCBuildConfiguration;
			buildSettings = {
				ASSETCATALOG_COMPILER_APPICON_NAME = AppIcon;
				ASSETCATALOG_COMPILER_GLOBAL_ACCENT_COLOR_NAME = AccentColor;
				CODE_SIGN_ENTITLEMENTS = Glucosy/Glucosy.entitlements;
				CODE_SIGN_STYLE = Automatic;
				CURRENT_PROJECT_VERSION = 0;
				DEVELOPMENT_TEAM = 8FQUA2F388;
				ENABLE_HARDENED_RUNTIME = YES;
				ENABLE_PREVIEWS = YES;
				GENERATE_INFOPLIST_FILE = YES;
				INFOPLIST_FILE = Glucosy/Info.plist;
				INFOPLIST_KEY_CFBundleDisplayName = Glucosy;
				INFOPLIST_KEY_LSApplicationCategoryType = "public.app-category.healthcare-fitness";
				INFOPLIST_KEY_NSHealthShareUsageDescription = "Glucosy needs this permission in order to read health records";
				INFOPLIST_KEY_NSHealthUpdateUsageDescription = "Glucosy needs this permission in order to write health records";
				"INFOPLIST_KEY_UIApplicationSceneManifest_Generation[sdk=iphoneos*]" = YES;
				"INFOPLIST_KEY_UIApplicationSceneManifest_Generation[sdk=iphonesimulator*]" = YES;
				"INFOPLIST_KEY_UIApplicationSupportsIndirectInputEvents[sdk=iphoneos*]" = YES;
				"INFOPLIST_KEY_UIApplicationSupportsIndirectInputEvents[sdk=iphonesimulator*]" = YES;
				"INFOPLIST_KEY_UILaunchScreen_Generation[sdk=iphoneos*]" = YES;
				"INFOPLIST_KEY_UILaunchScreen_Generation[sdk=iphonesimulator*]" = YES;
				"INFOPLIST_KEY_UIStatusBarStyle[sdk=iphoneos*]" = UIStatusBarStyleDefault;
				"INFOPLIST_KEY_UIStatusBarStyle[sdk=iphonesimulator*]" = UIStatusBarStyleDefault;
				INFOPLIST_KEY_UISupportedInterfaceOrientations = "UIInterfaceOrientationLandscapeLeft UIInterfaceOrientationLandscapeRight UIInterfaceOrientationPortrait UIInterfaceOrientationPortraitUpsideDown";
				IPHONEOS_DEPLOYMENT_TARGET = 18.0;
				LD_RUNPATH_SEARCH_PATHS = "@executable_path/Frameworks";
				"LD_RUNPATH_SEARCH_PATHS[sdk=macosx*]" = "@executable_path/../Frameworks";
				MACOSX_DEPLOYMENT_TARGET = 15.0;
				MARKETING_VERSION = 0.9;
				PRODUCT_BUNDLE_IDENTIFIER = dev.topscrech.Glucosy;
				PRODUCT_NAME = "$(TARGET_NAME)";
				SDKROOT = auto;
				SUPPORTED_PLATFORMS = "iphoneos iphonesimulator xros xrsimulator";
				SUPPORTS_MACCATALYST = NO;
				SWIFT_EMIT_LOC_STRINGS = YES;
				SWIFT_VERSION = 5.0;
				TARGETED_DEVICE_FAMILY = "1,2,7";
				XROS_DEPLOYMENT_TARGET = 1.0;
			};
			name = Release;
		};
/* End XCBuildConfiguration section */

/* Begin XCConfigurationList section */
		F32B20752CD5823B00925351 /* Build configuration list for PBXProject "Glucosy" */ = {
			isa = XCConfigurationList;
			buildConfigurations = (
				F32B20872CD5823B00925351 /* Debug */,
				F32B20882CD5823B00925351 /* Release */,
			);
			defaultConfigurationIsVisible = 0;
			defaultConfigurationName = Release;
		};
		F32B20892CD5823B00925351 /* Build configuration list for PBXNativeTarget "Glucosy" */ = {
			isa = XCConfigurationList;
			buildConfigurations = (
				F32B208A2CD5823B00925351 /* Debug */,
				F32B208B2CD5823B00925351 /* Release */,
			);
			defaultConfigurationIsVisible = 0;
			defaultConfigurationName = Release;
		};
/* End XCConfigurationList section */

/* Begin XCRemoteSwiftPackageReference section */
		F32B209C2CD5852800925351 /* XCRemoteSwiftPackageReference "HealthyKit" */ = {
			isa = XCRemoteSwiftPackageReference;
			repositoryURL = "https://github.com/TopScrech/HealthyKit";
			requirement = {
				branch = main;
				kind = branch;
			};
		};
		F32B209F2CD5853500925351 /* XCRemoteSwiftPackageReference "ScrechKit" */ = {
			isa = XCRemoteSwiftPackageReference;
			repositoryURL = "https://github.com/TopScrech/ScrechKit";
			requirement = {
				branch = main;
				kind = branch;
			};
		};
		F32B20A22CD5854700925351 /* XCRemoteSwiftPackageReference "swift-algorithms" */ = {
			isa = XCRemoteSwiftPackageReference;
			repositoryURL = "https://github.com/apple/swift-algorithms.git";
			requirement = {
				kind = upToNextMajorVersion;
				minimumVersion = 1.2.0;
			};
		};
/* End XCRemoteSwiftPackageReference section */

/* Begin XCSwiftPackageProductDependency section */
		F32B209D2CD5852800925351 /* HealthyKit */ = {
			isa = XCSwiftPackageProductDependency;
			package = F32B209C2CD5852800925351 /* XCRemoteSwiftPackageReference "HealthyKit" */;
			productName = HealthyKit;
		};
		F32B20A02CD5853500925351 /* ScrechKit */ = {
			isa = XCSwiftPackageProductDependency;
			package = F32B209F2CD5853500925351 /* XCRemoteSwiftPackageReference "ScrechKit" */;
			productName = ScrechKit;
		};
		F32B20A32CD5854700925351 /* Algorithms */ = {
			isa = XCSwiftPackageProductDependency;
			package = F32B20A22CD5854700925351 /* XCRemoteSwiftPackageReference "swift-algorithms" */;
			productName = Algorithms;
		};
/* End XCSwiftPackageProductDependency section */
	};
	rootObject = F32B20722CD5823B00925351 /* Project object */;
}
