// !$*UTF8*$!
{
	archiveVersion = 1;
	classes = {
	};
	objectVersion = 100;
	objects = {

/* Begin PBXBuildFile section */
		F3242A312DDE803B000A16E8 /* ScrechKit in Frameworks */ = {isa = PBXBuildFile; productRef = F3242A302DDE803B000A16E8 /* ScrechKit */; };
		F3242A332DDE804C000A16E8 /* ScrechKit in Frameworks */ = {isa = PBXBuildFile; productRef = F3242A322DDE804C000A16E8 /* ScrechKit */; };
		F32A1DDD2D2EEBD5008AEB2F /* WidgetKit.framework in Frameworks */ = {isa = PBXBuildFile; fileRef = F32A1DDC2D2EEBD5008AEB2F /* WidgetKit.framework */; };
		F32A1DDF2D2EEBD5008AEB2F /* SwiftUI.framework in Frameworks */ = {isa = PBXBuildFile; fileRef = F32A1DDE2D2EEBD5008AEB2F /* SwiftUI.framework */; };
		F32A1DEE2D2EEBD5008AEB2F /* Widgets.appex in Embed Foundation Extensions */ = {isa = PBXBuildFile; fileRef = F32A1DDA2D2EEBD5008AEB2F /* Widgets.appex */; settings = {ATTRIBUTES = (RemoveHeadersOnCopy, ); }; };
		F32B209E2CD5852800925351 /* HealthyKit in Frameworks */ = {isa = PBXBuildFile; productRef = F32B209D2CD5852800925351 /* HealthyKit */; };
		F32B20A42CD5854700925351 /* Algorithms in Frameworks */ = {isa = PBXBuildFile; productRef = F32B20A32CD5854700925351 /* Algorithms */; };
		F3A9C4A72E99A5B80052700B /* Appearance in Frameworks */ = {isa = PBXBuildFile; productRef = F3A9C4A62E99A5B80052700B /* Appearance */; };
		F3F8ED9A2D2EA2FE004A2638 /* watchOS.app in Embed Watch Content */ = {isa = PBXBuildFile; fileRef = F3F8ED8D2D2EA2FD004A2638 /* watchOS.app */; settings = {ATTRIBUTES = (RemoveHeadersOnCopy, ); }; };
/* End PBXBuildFile section */

/* Begin PBXContainerItemProxy section */
		F32A1DEC2D2EEBD5008AEB2F /* PBXContainerItemProxy */ = {
			isa = PBXContainerItemProxy;
			containerPortal = F32B20722CD5823B00925351 /* Project object */;
			proxyType = 1;
			remoteGlobalIDString = F32A1DD92D2EEBD5008AEB2F;
			remoteInfo = "Glucosy WidgetsExtension";
		};
		F3F8ED982D2EA2FE004A2638 /* PBXContainerItemProxy */ = {
			isa = PBXContainerItemProxy;
			containerPortal = F32B20722CD5823B00925351 /* Project object */;
			proxyType = 1;
			remoteGlobalIDString = F3F8ED8C2D2EA2FD004A2638;
			remoteInfo = "Glucosy watchOS Watch App";
		};
/* End PBXContainerItemProxy section */

/* Begin PBXCopyFilesBuildPhase section */
		F32A1DF32D2EEBD5008AEB2F /* Embed Foundation Extensions */ = {
			isa = PBXCopyFilesBuildPhase;
			dstPath = "";
			dstSubfolder = PlugIns;
			files = (
				F32A1DEE2D2EEBD5008AEB2F /* Widgets.appex in Embed Foundation Extensions */,
			);
			name = "Embed Foundation Extensions";
		};
		F3F8ED9E2D2EA2FE004A2638 /* Embed Watch Content */ = {
			isa = PBXCopyFilesBuildPhase;
			dstPath = "$(CONTENTS_FOLDER_PATH)/Watch";
			dstSubfolder = Product;
			files = (
				F3F8ED9A2D2EA2FE004A2638 /* watchOS.app in Embed Watch Content */,
			);
			name = "Embed Watch Content";
		};
/* End PBXCopyFilesBuildPhase section */

/* Begin PBXFileReference section */
		F32A1DDA2D2EEBD5008AEB2F /* Widgets.appex */ = {isa = PBXFileReference; explicitFileType = "wrapper.app-extension"; includeInIndex = 0; path = Widgets.appex; sourceTree = BUILT_PRODUCTS_DIR; };
		F32A1DDC2D2EEBD5008AEB2F /* WidgetKit.framework */ = {isa = PBXFileReference; lastKnownFileType = wrapper.framework; name = WidgetKit.framework; path = System/Library/Frameworks/WidgetKit.framework; sourceTree = SDKROOT; };
		F32A1DDE2D2EEBD5008AEB2F /* SwiftUI.framework */ = {isa = PBXFileReference; lastKnownFileType = wrapper.framework; name = SwiftUI.framework; path = System/Library/Frameworks/SwiftUI.framework; sourceTree = SDKROOT; };
		F32B207A2CD5823B00925351 /* iOS.app */ = {isa = PBXFileReference; explicitFileType = wrapper.application; includeInIndex = 0; path = iOS.app; sourceTree = BUILT_PRODUCTS_DIR; };
		F34041132F242C1400E8CDAE /* README.md */ = {isa = PBXFileReference; lastKnownFileType = net.daringfireball.markdown; path = README.md; sourceTree = "<group>"; };
		F3E0671B2F46801B001B77CD /* LICENSE.txt */ = {isa = PBXFileReference; lastKnownFileType = text; path = LICENSE.txt; sourceTree = "<group>"; };
		F3F8ED8D2D2EA2FD004A2638 /* watchOS.app */ = {isa = PBXFileReference; explicitFileType = wrapper.application; includeInIndex = 0; path = watchOS.app; sourceTree = BUILT_PRODUCTS_DIR; };
/* End PBXFileReference section */

/* Begin PBXFileSystemSynchronizedBuildFileExceptionSet section */
		F34041762F242D0800E8CDAE /* Exceptions for "iOS" folder in "iOS" target */ = {
			isa = PBXFileSystemSynchronizedBuildFileExceptionSet;
			membershipExceptions = (
				iOS.plist,
			);
			target = F32B20792CD5823B00925351 /* iOS */;
		};
		F34041772F242D0800E8CDAE /* Exceptions for "iOS" folder in "watchOS" target */ = {
			isa = PBXFileSystemSynchronizedBuildFileExceptionSet;
			membershipExceptions = (
				AppIcon.icon,
				Assets.xcassets,
				Nav/AppContainer.swift,
				Nav/Glucosy.swift,
				ValueStore.swift,
			);
			target = F3F8ED8C2D2EA2FD004A2638 /* watchOS */;
		};
		F34041782F242D0800E8CDAE /* Exceptions for "iOS" folder in "Widgets" target */ = {
			isa = PBXFileSystemSynchronizedBuildFileExceptionSet;
			membershipExceptions = (
				AppIcon.icon,
			);
			target = F32A1DD92D2EEBD5008AEB2F /* Widgets */;
		};
		F340417D2F242D0B00E8CDAE /* Exceptions for "watchOS" folder in "watchOS" target */ = {
			isa = PBXFileSystemSynchronizedBuildFileExceptionSet;
			membershipExceptions = (
				HomeView.swift,
				WatchRecordEntry.swift,
				WatchRecordKind.swift,
				WatchRecordListView.swift,
				WatchRecordRow.swift,
				WatchRecordsVM.swift,
			);
			target = F3F8ED8C2D2EA2FD004A2638 /* watchOS */;
		};
		F340418C2F242D0C00E8CDAE /* Exceptions for "Widgets" folder in "Widgets" target */ = {
			isa = PBXFileSystemSynchronizedBuildFileExceptionSet;
			membershipExceptions = (
				Widgets.plist,
			);
			target = F32A1DD92D2EEBD5008AEB2F /* Widgets */;
		};
/* End PBXFileSystemSynchronizedBuildFileExceptionSet section */

/* Begin PBXFileSystemSynchronizedRootGroup section */
		F34041482F242D0800E8CDAE /* iOS */ = {
			isa = PBXFileSystemSynchronizedRootGroup;
			exceptions = (
				F34041762F242D0800E8CDAE /* Exceptions for "iOS" folder in "iOS" target */,
				F34041772F242D0800E8CDAE /* Exceptions for "iOS" folder in "watchOS" target */,
				F34041782F242D0800E8CDAE /* Exceptions for "iOS" folder in "Widgets" target */,
			);
			path = iOS;
			sourceTree = "<group>";
		};
		F340417B2F242D0B00E8CDAE /* watchOS */ = {
			isa = PBXFileSystemSynchronizedRootGroup;
			exceptions = (
				F340417D2F242D0B00E8CDAE /* Exceptions for "watchOS" folder in "watchOS" target */,
			);
			path = watchOS;
			sourceTree = "<group>";
		};
		F34041852F242D0C00E8CDAE /* Widgets */ = {
			isa = PBXFileSystemSynchronizedRootGroup;
			exceptions = (
				F340418C2F242D0C00E8CDAE /* Exceptions for "Widgets" folder in "Widgets" target */,
			);
			path = Widgets;
			sourceTree = "<group>";
		};
/* End PBXFileSystemSynchronizedRootGroup section */

/* Begin PBXFrameworksBuildPhase section */
		F32A1DD72D2EEBD5008AEB2F /* Frameworks */ = {
			isa = PBXFrameworksBuildPhase;
			files = (
				F32A1DDF2D2EEBD5008AEB2F /* SwiftUI.framework in Frameworks */,
				F32A1DDD2D2EEBD5008AEB2F /* WidgetKit.framework in Frameworks */,
			);
		};
		F32B20772CD5823B00925351 /* Frameworks */ = {
			isa = PBXFrameworksBuildPhase;
			files = (
				F3242A312DDE803B000A16E8 /* ScrechKit in Frameworks */,
				F32B20A42CD5854700925351 /* Algorithms in Frameworks */,
				F3A9C4A72E99A5B80052700B /* Appearance in Frameworks */,
				F32B209E2CD5852800925351 /* HealthyKit in Frameworks */,
			);
		};
		F3F8ED8A2D2EA2FD004A2638 /* Frameworks */ = {
			isa = PBXFrameworksBuildPhase;
			files = (
				F3242A332DDE804C000A16E8 /* ScrechKit in Frameworks */,
			);
		};
/* End PBXFrameworksBuildPhase section */

/* Begin PBXGroup section */
		F32A1DDB2D2EEBD5008AEB2F /* Frameworks */ = {
			isa = PBXGroup;
			children = (
				F32A1DDC2D2EEBD5008AEB2F /* WidgetKit.framework */,
				F32A1DDE2D2EEBD5008AEB2F /* SwiftUI.framework */,
			);
			name = Frameworks;
			sourceTree = "<group>";
		};
		F32B20712CD5823B00925351 = {
			isa = PBXGroup;
			children = (
				F34041132F242C1400E8CDAE /* README.md */,
				F34041482F242D0800E8CDAE /* iOS */,
				F340417B2F242D0B00E8CDAE /* watchOS */,
				F34041852F242D0C00E8CDAE /* Widgets */,
				F3E0671B2F46801B001B77CD /* LICENSE.txt */,
				F32A1DDB2D2EEBD5008AEB2F /* Frameworks */,
				F32B207B2CD5823B00925351 /* Products */,
			);
			sourceTree = "<group>";
		};
		F32B207B2CD5823B00925351 /* Products */ = {
			isa = PBXGroup;
			children = (
				F32B207A2CD5823B00925351 /* iOS.app */,
				F3F8ED8D2D2EA2FD004A2638 /* watchOS.app */,
				F32A1DDA2D2EEBD5008AEB2F /* Widgets.appex */,
			);
			name = Products;
			sourceTree = "<group>";
		};
/* End PBXGroup section */

/* Begin PBXNativeTarget section */
		F32A1DD92D2EEBD5008AEB2F /* Widgets */ = {
			isa = PBXNativeTarget;
			buildConfigurationList = F32A1DF02D2EEBD5008AEB2F /* Build configuration list for PBXNativeTarget "Widgets" */;
			buildPhases = (
				F32A1DD62D2EEBD5008AEB2F /* Sources */,
				F32A1DD72D2EEBD5008AEB2F /* Frameworks */,
				F32A1DD82D2EEBD5008AEB2F /* Resources */,
			);
			buildRules = (
			);
			fileSystemSynchronizedGroups = (
				F34041852F242D0C00E8CDAE /* Widgets */,
			);
			name = Widgets;
			productName = "Glucosy WidgetsExtension";
			productReference = F32A1DDA2D2EEBD5008AEB2F /* Widgets.appex */;
			productType = "com.apple.product-type.app-extension";
		};
		F32B20792CD5823B00925351 /* iOS */ = {
			isa = PBXNativeTarget;
			buildConfigurationList = F32B20892CD5823B00925351 /* Build configuration list for PBXNativeTarget "iOS" */;
			buildPhases = (
				F32B20762CD5823B00925351 /* Sources */,
				F32B20772CD5823B00925351 /* Frameworks */,
				F32B20782CD5823B00925351 /* Resources */,
				F3F8ED9E2D2EA2FE004A2638 /* Embed Watch Content */,
				F32A1DF32D2EEBD5008AEB2F /* Embed Foundation Extensions */,
			);
			buildRules = (
			);
			dependencies = (
				F3F8ED992D2EA2FE004A2638 /* PBXTargetDependency */,
				F32A1DED2D2EEBD5008AEB2F /* PBXTargetDependency */,
			);
			fileSystemSynchronizedGroups = (
				F34041482F242D0800E8CDAE /* iOS */,
			);
			name = iOS;
			packageProductDependencies = (
				F32B209D2CD5852800925351 /* HealthyKit */,
				F32B20A32CD5854700925351 /* Algorithms */,
				F3242A302DDE803B000A16E8 /* ScrechKit */,
				F3A9C4A62E99A5B80052700B /* Appearance */,
			);
			productName = Glucosy;
			productReference = F32B207A2CD5823B00925351 /* iOS.app */;
			productType = "com.apple.product-type.application";
		};
		F3F8ED8C2D2EA2FD004A2638 /* watchOS */ = {
			isa = PBXNativeTarget;
			buildConfigurationList = F3F8ED9B2D2EA2FE004A2638 /* Build configuration list for PBXNativeTarget "watchOS" */;
			buildPhases = (
				F3F8ED892D2EA2FD004A2638 /* Sources */,
				F3F8ED8A2D2EA2FD004A2638 /* Frameworks */,
				F3F8ED8B2D2EA2FD004A2638 /* Resources */,
			);
			buildRules = (
			);
			name = watchOS;
			packageProductDependencies = (
				F3242A322DDE804C000A16E8 /* ScrechKit */,
			);
			productName = "Glucosy watchOS Watch App";
			productReference = F3F8ED8D2D2EA2FD004A2638 /* watchOS.app */;
			productType = "com.apple.product-type.application";
		};
/* End PBXNativeTarget section */

/* Begin PBXProject section */
		F32B20722CD5823B00925351 /* Project object */ = {
			isa = PBXProject;
			attributes = {
				BuildIndependentTargetsInParallel = 1;
				LastSwiftUpdateCheck = 1620;
				LastUpgradeCheck = 2600;
				TargetAttributes = {
					F32A1DD92D2EEBD5008AEB2F = {
						CreatedOnToolsVersion = 16.2;
					};
					F32B20792CD5823B00925351 = {
						CreatedOnToolsVersion = 16.2;
					};
					F3F8ED8C2D2EA2FD004A2638 = {
						CreatedOnToolsVersion = 16.2;
					};
				};
			};
			buildConfigurationList = F32B20752CD5823B00925351 /* Build configuration list for PBXProject "Glucosy" */;
			developmentRegion = en;
			hasScannedForEncodings = 0;
			knownRegions = (
				en,
				Base,
				ru,
				nl,
			);
			mainGroup = F32B20712CD5823B00925351;
			minimizedProjectReferenceProxies = 1;
			packageReferences = (
				F32B209C2CD5852800925351 /* XCRemoteSwiftPackageReference "HealthyKit" */,
				F32B209F2CD5853500925351 /* XCRemoteSwiftPackageReference "ScrechKit" */,
				F32B20A22CD5854700925351 /* XCRemoteSwiftPackageReference "swift-algorithms" */,
				F3A9C4A52E99A5B80052700B /* XCRemoteSwiftPackageReference "Appearance" */,
			);
			preferredProjectObjectVersion = 100;
			productRefGroup = F32B207B2CD5823B00925351 /* Products */;
			projectDirPath = "";
			projectRoot = "";
			targets = (
				F32B20792CD5823B00925351 /* iOS */,
				F3F8ED8C2D2EA2FD004A2638 /* watchOS */,
				F32A1DD92D2EEBD5008AEB2F /* Widgets */,
			);
		};
/* End PBXProject section */

/* Begin PBXResourcesBuildPhase section */
		F32A1DD82D2EEBD5008AEB2F /* Resources */ = {
			isa = PBXResourcesBuildPhase;
			files = (
			);
		};
		F32B20782CD5823B00925351 /* Resources */ = {
			isa = PBXResourcesBuildPhase;
			files = (
			);
		};
		F3F8ED8B2D2EA2FD004A2638 /* Resources */ = {
			isa = PBXResourcesBuildPhase;
			files = (
			);
		};
/* End PBXResourcesBuildPhase section */

/* Begin PBXSourcesBuildPhase section */
		F32A1DD62D2EEBD5008AEB2F /* Sources */ = {
			isa = PBXSourcesBuildPhase;
			files = (
			);
		};
		F32B20762CD5823B00925351 /* Sources */ = {
			isa = PBXSourcesBuildPhase;
			files = (
			);
		};
		F3F8ED892D2EA2FD004A2638 /* Sources */ = {
			isa = PBXSourcesBuildPhase;
			files = (
			);
		};
/* End PBXSourcesBuildPhase section */

/* Begin PBXTargetDependency section */
		F32A1DED2D2EEBD5008AEB2F /* PBXTargetDependency */ = {
			isa = PBXTargetDependency;
			target = F32A1DD92D2EEBD5008AEB2F /* Widgets */;
			targetProxy = F32A1DEC2D2EEBD5008AEB2F /* PBXContainerItemProxy */;
		};
		F3F8ED992D2EA2FE004A2638 /* PBXTargetDependency */ = {
			isa = PBXTargetDependency;
			target = F3F8ED8C2D2EA2FD004A2638 /* watchOS */;
			targetProxy = F3F8ED982D2EA2FE004A2638 /* PBXContainerItemProxy */;
		};
/* End PBXTargetDependency section */

/* Begin XCBuildConfiguration section */
		F32A1DF12D2EEBD5008AEB2F /* Debug configuration for PBXNativeTarget "Widgets" */ = {
			isa = XCBuildConfiguration;
			buildSettings = {
				ASSETCATALOG_COMPILER_GLOBAL_ACCENT_COLOR_NAME = AccentColor;
				ASSETCATALOG_COMPILER_WIDGET_BACKGROUND_COLOR_NAME = WidgetBackground;
				CODE_SIGN_ENTITLEMENTS = Widgets/Widgets.entitlements;
				CODE_SIGN_IDENTITY = "Apple Development";
				CODE_SIGN_STYLE = Automatic;
				CURRENT_PROJECT_VERSION = 0;
				DEVELOPMENT_TEAM = 8FQUA2F388;
				GENERATE_INFOPLIST_FILE = YES;
				INFOPLIST_FILE = Widgets/Widgets.plist;
				INFOPLIST_KEY_CFBundleDisplayName = Glucosy;
				INFOPLIST_KEY_NSHealthShareUsageDescription = "Glucosy needs this permission in order to read health records";
				INFOPLIST_KEY_NSHealthUpdateUsageDescription = "Glucosy needs this permission in order to write health records";
				INFOPLIST_KEY_NSHumanReadableCopyright = "";
				IPHONEOS_DEPLOYMENT_TARGET = 18;
				LD_RUNPATH_SEARCH_PATHS = (
					"$(inherited)",
					"@executable_path/Frameworks",
					"@executable_path/../../Frameworks",
				);
				PRODUCT_BUNDLE_IDENTIFIER = dev.topscrech.Glucosy.Widgets;
				PRODUCT_NAME = "$(TARGET_NAME)";
				PROVISIONING_PROFILE_SPECIFIER = "";
				SDKROOT = iphoneos;
				SKIP_INSTALL = YES;
				SWIFT_DEFAULT_ACTOR_ISOLATION = MainActor;
				SWIFT_EMIT_LOC_STRINGS = YES;
				SWIFT_VERSION = 6.0;
				TARGETED_DEVICE_FAMILY = "1,2";
			};
			name = Debug;
		};
		F32A1DF22D2EEBD5008AEB2F /* Release configuration for PBXNativeTarget "Widgets" */ = {
			isa = XCBuildConfiguration;
			buildSettings = {
				ASSETCATALOG_COMPILER_GLOBAL_ACCENT_COLOR_NAME = AccentColor;
				ASSETCATALOG_COMPILER_WIDGET_BACKGROUND_COLOR_NAME = WidgetBackground;
				CODE_SIGN_ENTITLEMENTS = Widgets/Widgets.entitlements;
				CODE_SIGN_IDENTITY = "Apple Development";
				CODE_SIGN_STYLE = Automatic;
				CURRENT_PROJECT_VERSION = 0;
				DEVELOPMENT_TEAM = 8FQUA2F388;
				GENERATE_INFOPLIST_FILE = YES;
				INFOPLIST_FILE = Widgets/Widgets.plist;
				INFOPLIST_KEY_CFBundleDisplayName = Glucosy;
				INFOPLIST_KEY_NSHealthShareUsageDescription = "Glucosy needs this permission in order to read health records";
				INFOPLIST_KEY_NSHealthUpdateUsageDescription = "Glucosy needs this permission in order to write health records";
				INFOPLIST_KEY_NSHumanReadableCopyright = "";
				IPHONEOS_DEPLOYMENT_TARGET = 18;
				LD_RUNPATH_SEARCH_PATHS = (
					"$(inherited)",
					"@executable_path/Frameworks",
					"@executable_path/../../Frameworks",
				);
				PRODUCT_BUNDLE_IDENTIFIER = dev.topscrech.Glucosy.Widgets;
				PRODUCT_NAME = "$(TARGET_NAME)";
				PROVISIONING_PROFILE_SPECIFIER = "";
				SDKROOT = iphoneos;
				SKIP_INSTALL = YES;
				SWIFT_DEFAULT_ACTOR_ISOLATION = MainActor;
				SWIFT_EMIT_LOC_STRINGS = YES;
				SWIFT_VERSION = 6.0;
				TARGETED_DEVICE_FAMILY = "1,2";
				VALIDATE_PRODUCT = YES;
			};
			name = Release;
		};
		F32B20872CD5823B00925351 /* Debug configuration for PBXProject "Glucosy" */ = {
			isa = XCBuildConfiguration;
			buildSettings = {
				ALWAYS_SEARCH_USER_PATHS = NO;
				ASSETCATALOG_COMPILER_GENERATE_SWIFT_ASSET_SYMBOL_EXTENSIONS = YES;
				CLANG_ANALYZER_LOCALIZABILITY_NONLOCALIZED = YES;
				CLANG_ANALYZER_NONNULL = YES;
				CLANG_ANALYZER_NUMBER_OBJECT_CONVERSION = YES_AGGRESSIVE;
				CLANG_CXX_LANGUAGE_STANDARD = "gnu++20";
				CLANG_ENABLE_MODULES = YES;
				CLANG_ENABLE_OBJC_ARC = YES;
				CLANG_ENABLE_OBJC_WEAK = YES;
				CLANG_WARN_BLOCK_CAPTURE_AUTORELEASING = YES;
				CLANG_WARN_BOOL_CONVERSION = YES;
				CLANG_WARN_COMMA = YES;
				CLANG_WARN_CONSTANT_CONVERSION = YES;
				CLANG_WARN_DEPRECATED_OBJC_IMPLEMENTATIONS = YES;
				CLANG_WARN_DIRECT_OBJC_ISA_USAGE = YES_ERROR;
				CLANG_WARN_DOCUMENTATION_COMMENTS = YES;
				CLANG_WARN_EMPTY_BODY = YES;
				CLANG_WARN_ENUM_CONVERSION = YES;
				CLANG_WARN_INFINITE_RECURSION = YES;
				CLANG_WARN_INT_CONVERSION = YES;
				CLANG_WARN_NON_LITERAL_NULL_CONVERSION = YES;
				CLANG_WARN_OBJC_IMPLICIT_RETAIN_SELF = YES;
				CLANG_WARN_OBJC_LITERAL_CONVERSION = YES;
				CLANG_WARN_OBJC_ROOT_CLASS = YES_ERROR;
				CLANG_WARN_QUOTED_INCLUDE_IN_FRAMEWORK_HEADER = YES;
				CLANG_WARN_RANGE_LOOP_ANALYSIS = YES;
				CLANG_WARN_STRICT_PROTOTYPES = YES;
				CLANG_WARN_SUSPICIOUS_MOVE = YES;
				CLANG_WARN_UNGUARDED_AVAILABILITY = YES_AGGRESSIVE;
				CLANG_WARN_UNREACHABLE_CODE = YES;
				CLANG_WARN__DUPLICATE_METHOD_MATCH = YES;
				COMPILATION_CACHE_ENABLE_CACHING = YES;
				COPY_PHASE_STRIP = NO;
				DEAD_CODE_STRIPPING = YES;
				DEBUG_INFORMATION_FORMAT = dwarf;
				DEVELOPMENT_TEAM = 8FQUA2F388;
				ENABLE_STRICT_OBJC_MSGSEND = YES;
				ENABLE_TESTABILITY = YES;
				ENABLE_USER_SCRIPT_SANDBOXING = YES;
				GCC_C_LANGUAGE_STANDARD = gnu17;
				GCC_DYNAMIC_NO_PIC = NO;
				GCC_NO_COMMON_BLOCKS = YES;
				GCC_OPTIMIZATION_LEVEL = 0;
				GCC_PREPROCESSOR_DEFINITIONS = (
					"DEBUG=1",
					"$(inherited)",
				);
				GCC_WARN_64_TO_32_BIT_CONVERSION = YES;
				GCC_WARN_ABOUT_RETURN_TYPE = YES_ERROR;
				GCC_WARN_UNDECLARED_SELECTOR = YES;
				GCC_WARN_UNINITIALIZED_AUTOS = YES_AGGRESSIVE;
				GCC_WARN_UNUSED_FUNCTION = YES;
				GCC_WARN_UNUSED_VARIABLE = YES;
				LOCALIZATION_PREFERS_STRING_CATALOGS = YES;
				MARKETING_VERSION = 64.0;
				MTL_ENABLE_DEBUG_INFO = INCLUDE_SOURCE;
				MTL_FAST_MATH = YES;
				ONLY_ACTIVE_ARCH = YES;
				STRING_CATALOG_GENERATE_SYMBOLS = YES;
				SWIFT_ACTIVE_COMPILATION_CONDITIONS = "DEBUG $(inherited)";
				SWIFT_EMIT_LOC_STRINGS = YES;
				SWIFT_OPTIMIZATION_LEVEL = "-Onone";
			};
			name = Debug;
		};
		F32B20882CD5823B00925351 /* Release configuration for PBXProject "Glucosy" */ = {
			isa = XCBuildConfiguration;
			buildSettings = {
				ALWAYS_SEARCH_USER_PATHS = NO;
				ASSETCATALOG_COMPILER_GENERATE_SWIFT_ASSET_SYMBOL_EXTENSIONS = YES;
				CLANG_ANALYZER_LOCALIZABILITY_NONLOCALIZED = YES;
				CLANG_ANALYZER_NONNULL = YES;
				CLANG_ANALYZER_NUMBER_OBJECT_CONVERSION = YES_AGGRESSIVE;
				CLANG_CXX_LANGUAGE_STANDARD = "gnu++20";
				CLANG_ENABLE_MODULES = YES;
				CLANG_ENABLE_OBJC_ARC = YES;
				CLANG_ENABLE_OBJC_WEAK = YES;
				CLANG_WARN_BLOCK_CAPTURE_AUTORELEASING = YES;
				CLANG_WARN_BOOL_CONVERSION = YES;
				CLANG_WARN_COMMA = YES;
				CLANG_WARN_CONSTANT_CONVERSION = YES;
				CLANG_WARN_DEPRECATED_OBJC_IMPLEMENTATIONS = YES;
				CLANG_WARN_DIRECT_OBJC_ISA_USAGE = YES_ERROR;
				CLANG_WARN_DOCUMENTATION_COMMENTS = YES;
				CLANG_WARN_EMPTY_BODY = YES;
				CLANG_WARN_ENUM_CONVERSION = YES;
				CLANG_WARN_INFINITE_RECURSION = YES;
				CLANG_WARN_INT_CONVERSION = YES;
				CLANG_WARN_NON_LITERAL_NULL_CONVERSION = YES;
				CLANG_WARN_OBJC_IMPLICIT_RETAIN_SELF = YES;
				CLANG_WARN_OBJC_LITERAL_CONVERSION = YES;
				CLANG_WARN_OBJC_ROOT_CLASS = YES_ERROR;
				CLANG_WARN_QUOTED_INCLUDE_IN_FRAMEWORK_HEADER = YES;
				CLANG_WARN_RANGE_LOOP_ANALYSIS = YES;
				CLANG_WARN_STRICT_PROTOTYPES = YES;
				CLANG_WARN_SUSPICIOUS_MOVE = YES;
				CLANG_WARN_UNGUARDED_AVAILABILITY = YES_AGGRESSIVE;
				CLANG_WARN_UNREACHABLE_CODE = YES;
				CLANG_WARN__DUPLICATE_METHOD_MATCH = YES;
				COMPILATION_CACHE_ENABLE_CACHING = YES;
				COPY_PHASE_STRIP = NO;
				DEAD_CODE_STRIPPING = YES;
				DEBUG_INFORMATION_FORMAT = "dwarf-with-dsym";
				DEVELOPMENT_TEAM = 8FQUA2F388;
				ENABLE_NS_ASSERTIONS = NO;
				ENABLE_STRICT_OBJC_MSGSEND = YES;
				ENABLE_USER_SCRIPT_SANDBOXING = YES;
				GCC_C_LANGUAGE_STANDARD = gnu17;
				GCC_NO_COMMON_BLOCKS = YES;
				GCC_WARN_64_TO_32_BIT_CONVERSION = YES;
				GCC_WARN_ABOUT_RETURN_TYPE = YES_ERROR;
				GCC_WARN_UNDECLARED_SELECTOR = YES;
				GCC_WARN_UNINITIALIZED_AUTOS = YES_AGGRESSIVE;
				GCC_WARN_UNUSED_FUNCTION = YES;
				GCC_WARN_UNUSED_VARIABLE = YES;
				LOCALIZATION_PREFERS_STRING_CATALOGS = YES;
				MARKETING_VERSION = 64.0;
				MTL_ENABLE_DEBUG_INFO = NO;
				MTL_FAST_MATH = YES;
				STRING_CATALOG_GENERATE_SYMBOLS = YES;
				SWIFT_COMPILATION_MODE = wholemodule;
				SWIFT_EMIT_LOC_STRINGS = YES;
			};
			name = Release;
		};
		F32B208A2CD5823B00925351 /* Debug configuration for PBXNativeTarget "iOS" */ = {
			isa = XCBuildConfiguration;
			buildSettings = {
				ASSETCATALOG_COMPILER_APPICON_NAME = AppIcon;
				ASSETCATALOG_COMPILER_GLOBAL_ACCENT_COLOR_NAME = AccentColor;
				CODE_SIGN_ENTITLEMENTS = iOS/iOS.entitlements;
				CODE_SIGN_STYLE = Automatic;
				CURRENT_PROJECT_VERSION = 0;
				DEAD_CODE_STRIPPING = YES;
				ENABLE_APP_SANDBOX = YES;
				ENABLE_HARDENED_RUNTIME = YES;
				ENABLE_PREVIEWS = YES;
				ENABLE_USER_SELECTED_FILES = readonly;
				GENERATE_INFOPLIST_FILE = YES;
				INFOPLIST_FILE = iOS/iOS.plist;
				INFOPLIST_KEY_CFBundleDisplayName = Glucosy;
				INFOPLIST_KEY_ITSAppUsesNonExemptEncryption = NO;
				INFOPLIST_KEY_LSApplicationCategoryType = "public.app-category.healthcare-fitness";
				INFOPLIST_KEY_NFCReaderUsageDescription = "Scan supported NovoPen devices over NFC";
				INFOPLIST_KEY_NSHealthClinicalHealthRecordsShareUsageDescription = "Glucosy reads Health data to show your glucose, carbs, insulin, and weight records";
				INFOPLIST_KEY_NSHealthShareUsageDescription = "Glucosy reads Health data to show your glucose, carbs, insulin, and weight records";
				INFOPLIST_KEY_NSHealthUpdateUsageDescription = "Glucosy saves glucose, insulin, carbs, and weight entries to Health";
				"INFOPLIST_KEY_UIApplicationSceneManifest_Generation[sdk=iphoneos*]" = YES;
				"INFOPLIST_KEY_UIApplicationSceneManifest_Generation[sdk=iphonesimulator*]" = YES;
				"INFOPLIST_KEY_UIApplicationSupportsIndirectInputEvents[sdk=iphoneos*]" = YES;
				"INFOPLIST_KEY_UIApplicationSupportsIndirectInputEvents[sdk=iphonesimulator*]" = YES;
				"INFOPLIST_KEY_UILaunchScreen_Generation[sdk=iphoneos*]" = YES;
				"INFOPLIST_KEY_UILaunchScreen_Generation[sdk=iphonesimulator*]" = YES;
				"INFOPLIST_KEY_UIStatusBarStyle[sdk=iphoneos*]" = UIStatusBarStyleDefault;
				"INFOPLIST_KEY_UIStatusBarStyle[sdk=iphonesimulator*]" = UIStatusBarStyleDefault;
				INFOPLIST_KEY_UISupportedInterfaceOrientations = "UIInterfaceOrientationLandscapeLeft UIInterfaceOrientationLandscapeRight UIInterfaceOrientationPortrait UIInterfaceOrientationPortraitUpsideDown";
				IPHONEOS_DEPLOYMENT_TARGET = 18;
				LD_RUNPATH_SEARCH_PATHS = "@executable_path/Frameworks";
				"LD_RUNPATH_SEARCH_PATHS[sdk=macosx*]" = "@executable_path/../Frameworks";
				MACOSX_DEPLOYMENT_TARGET = 15.0;
				PRODUCT_BUNDLE_IDENTIFIER = dev.topscrech.Glucosy;
				PRODUCT_NAME = "$(TARGET_NAME)";
				SDKROOT = auto;
				SUPPORTED_PLATFORMS = "iphoneos iphonesimulator";
				SUPPORTS_MACCATALYST = NO;
				SWIFT_DEFAULT_ACTOR_ISOLATION = MainActor;
				SWIFT_EMIT_LOC_STRINGS = YES;
				SWIFT_VERSION = 6.0;
				TARGETED_DEVICE_FAMILY = "1,2";
				XROS_DEPLOYMENT_TARGET = 1.0;
			};
			name = Debug;
		};
		F32B208B2CD5823B00925351 /* Release configuration for PBXNativeTarget "iOS" */ = {
			isa = XCBuildConfiguration;
			buildSettings = {
				ASSETCATALOG_COMPILER_APPICON_NAME = AppIcon;
				ASSETCATALOG_COMPILER_GLOBAL_ACCENT_COLOR_NAME = AccentColor;
				CODE_SIGN_ENTITLEMENTS = iOS/iOS.entitlements;
				CODE_SIGN_STYLE = Automatic;
				CURRENT_PROJECT_VERSION = 0;
				DEAD_CODE_STRIPPING = YES;
				ENABLE_APP_SANDBOX = YES;
				ENABLE_HARDENED_RUNTIME = YES;
				ENABLE_PREVIEWS = YES;
				ENABLE_USER_SELECTED_FILES = readonly;
				GENERATE_INFOPLIST_FILE = YES;
				INFOPLIST_FILE = iOS/iOS.plist;
				INFOPLIST_KEY_CFBundleDisplayName = Glucosy;
				INFOPLIST_KEY_ITSAppUsesNonExemptEncryption = NO;
				INFOPLIST_KEY_LSApplicationCategoryType = "public.app-category.healthcare-fitness";
				INFOPLIST_KEY_NFCReaderUsageDescription = "Scan supported NovoPen devices over NFC";
				INFOPLIST_KEY_NSHealthClinicalHealthRecordsShareUsageDescription = "Glucosy reads Health data to show your glucose, carbs, insulin, and weight records";
				INFOPLIST_KEY_NSHealthShareUsageDescription = "Glucosy reads Health data to show your glucose, carbs, insulin, and weight records";
				INFOPLIST_KEY_NSHealthUpdateUsageDescription = "Glucosy saves glucose, insulin, carbs, and weight entries to Health";
				"INFOPLIST_KEY_UIApplicationSceneManifest_Generation[sdk=iphoneos*]" = YES;
				"INFOPLIST_KEY_UIApplicationSceneManifest_Generation[sdk=iphonesimulator*]" = YES;
				"INFOPLIST_KEY_UIApplicationSupportsIndirectInputEvents[sdk=iphoneos*]" = YES;
				"INFOPLIST_KEY_UIApplicationSupportsIndirectInputEvents[sdk=iphonesimulator*]" = YES;
				"INFOPLIST_KEY_UILaunchScreen_Generation[sdk=iphoneos*]" = YES;
				"INFOPLIST_KEY_UILaunchScreen_Generation[sdk=iphonesimulator*]" = YES;
				"INFOPLIST_KEY_UIStatusBarStyle[sdk=iphoneos*]" = UIStatusBarStyleDefault;
				"INFOPLIST_KEY_UIStatusBarStyle[sdk=iphonesimulator*]" = UIStatusBarStyleDefault;
				INFOPLIST_KEY_UISupportedInterfaceOrientations = "UIInterfaceOrientationLandscapeLeft UIInterfaceOrientationLandscapeRight UIInterfaceOrientationPortrait UIInterfaceOrientationPortraitUpsideDown";
				IPHONEOS_DEPLOYMENT_TARGET = 18;
				LD_RUNPATH_SEARCH_PATHS = "@executable_path/Frameworks";
				"LD_RUNPATH_SEARCH_PATHS[sdk=macosx*]" = "@executable_path/../Frameworks";
				MACOSX_DEPLOYMENT_TARGET = 15.0;
				PRODUCT_BUNDLE_IDENTIFIER = dev.topscrech.Glucosy;
				PRODUCT_NAME = "$(TARGET_NAME)";
				SDKROOT = auto;
				SUPPORTED_PLATFORMS = "iphoneos iphonesimulator";
				SUPPORTS_MACCATALYST = NO;
				SWIFT_DEFAULT_ACTOR_ISOLATION = MainActor;
				SWIFT_EMIT_LOC_STRINGS = YES;
				SWIFT_VERSION = 6.0;
				TARGETED_DEVICE_FAMILY = "1,2";
				XROS_DEPLOYMENT_TARGET = 1.0;
			};
			name = Release;
		};
		F3F8ED9C2D2EA2FE004A2638 /* Debug configuration for PBXNativeTarget "watchOS" */ = {
			isa = XCBuildConfiguration;
			buildSettings = {
				ASSETCATALOG_COMPILER_APPICON_NAME = AppIcon;
				ASSETCATALOG_COMPILER_GLOBAL_ACCENT_COLOR_NAME = AccentColor;
				CODE_SIGN_ENTITLEMENTS = watchOS/watchOS.entitlements;
				CODE_SIGN_STYLE = Automatic;
				CURRENT_PROJECT_VERSION = 0;
				ENABLE_PREVIEWS = YES;
				GENERATE_INFOPLIST_FILE = YES;
				INFOPLIST_FILE = watchOS/Info.plist;
				INFOPLIST_KEY_CFBundleDisplayName = Glucosy;
				INFOPLIST_KEY_NSHealthClinicalHealthRecordsShareUsageDescription = "Glucosy reads Health data to show your glucose, carbs, insulin, and weight records";
				INFOPLIST_KEY_NSHealthShareUsageDescription = "Glucosy needs this permission in order to read health records";
				INFOPLIST_KEY_NSHealthUpdateUsageDescription = "Glucosy needs this permission in order to write health records";
				INFOPLIST_KEY_UISupportedInterfaceOrientations = "UIInterfaceOrientationPortrait UIInterfaceOrientationPortraitUpsideDown";
				INFOPLIST_KEY_WKCompanionAppBundleIdentifier = dev.topscrech.Glucosy;
				INFOPLIST_KEY_WKRunsIndependentlyOfCompanionApp = YES;
				LD_RUNPATH_SEARCH_PATHS = (
					"$(inherited)",
					"@executable_path/Frameworks",
				);
				PRODUCT_BUNDLE_IDENTIFIER = dev.topscrech.Glucosy.watchkitapp;
				PRODUCT_NAME = "$(TARGET_NAME)";
				SDKROOT = watchos;
				SKIP_INSTALL = YES;
				SWIFT_DEFAULT_ACTOR_ISOLATION = MainActor;
				SWIFT_EMIT_LOC_STRINGS = YES;
				SWIFT_VERSION = 6.0;
				TARGETED_DEVICE_FAMILY = 4;
				WATCHOS_DEPLOYMENT_TARGET = 11;
			};
			name = Debug;
		};
		F3F8ED9D2D2EA2FE004A2638 /* Release configuration for PBXNativeTarget "watchOS" */ = {
			isa = XCBuildConfiguration;
			buildSettings = {
				ASSETCATALOG_COMPILER_APPICON_NAME = AppIcon;
				ASSETCATALOG_COMPILER_GLOBAL_ACCENT_COLOR_NAME = AccentColor;
				CODE_SIGN_ENTITLEMENTS = watchOS/watchOS.entitlements;
				CODE_SIGN_STYLE = Automatic;
				CURRENT_PROJECT_VERSION = 0;
				ENABLE_PREVIEWS = YES;
				GENERATE_INFOPLIST_FILE = YES;
				INFOPLIST_FILE = watchOS/Info.plist;
				INFOPLIST_KEY_CFBundleDisplayName = Glucosy;
				INFOPLIST_KEY_NSHealthClinicalHealthRecordsShareUsageDescription = "Glucosy reads Health data to show your glucose, carbs, insulin, and weight records";
				INFOPLIST_KEY_NSHealthShareUsageDescription = "Glucosy needs this permission in order to read health records";
				INFOPLIST_KEY_NSHealthUpdateUsageDescription = "Glucosy needs this permission in order to write health records";
				INFOPLIST_KEY_UISupportedInterfaceOrientations = "UIInterfaceOrientationPortrait UIInterfaceOrientationPortraitUpsideDown";
				INFOPLIST_KEY_WKCompanionAppBundleIdentifier = dev.topscrech.Glucosy;
				INFOPLIST_KEY_WKRunsIndependentlyOfCompanionApp = YES;
				LD_RUNPATH_SEARCH_PATHS = (
					"$(inherited)",
					"@executable_path/Frameworks",
				);
				PRODUCT_BUNDLE_IDENTIFIER = dev.topscrech.Glucosy.watchkitapp;
				PRODUCT_NAME = "$(TARGET_NAME)";
				SDKROOT = watchos;
				SKIP_INSTALL = YES;
				SWIFT_DEFAULT_ACTOR_ISOLATION = MainActor;
				SWIFT_EMIT_LOC_STRINGS = YES;
				SWIFT_VERSION = 6.0;
				TARGETED_DEVICE_FAMILY = 4;
				VALIDATE_PRODUCT = YES;
				WATCHOS_DEPLOYMENT_TARGET = 11;
			};
			name = Release;
		};
/* End XCBuildConfiguration section */

/* Begin XCConfigurationList section */
		F32A1DF02D2EEBD5008AEB2F /* Build configuration list for PBXNativeTarget "Widgets" */ = {
			isa = XCConfigurationList;
			buildConfigurations = (
				F32A1DF12D2EEBD5008AEB2F /* Debug configuration for PBXNativeTarget "Widgets" */,
				F32A1DF22D2EEBD5008AEB2F /* Release configuration for PBXNativeTarget "Widgets" */,
			);
			defaultConfigurationName = Release;
		};
		F32B20752CD5823B00925351 /* Build configuration list for PBXProject "Glucosy" */ = {
			isa = XCConfigurationList;
			buildConfigurations = (
				F32B20872CD5823B00925351 /* Debug configuration for PBXProject "Glucosy" */,
				F32B20882CD5823B00925351 /* Release configuration for PBXProject "Glucosy" */,
			);
			defaultConfigurationName = Release;
		};
		F32B20892CD5823B00925351 /* Build configuration list for PBXNativeTarget "iOS" */ = {
			isa = XCConfigurationList;
			buildConfigurations = (
				F32B208A2CD5823B00925351 /* Debug configuration for PBXNativeTarget "iOS" */,
				F32B208B2CD5823B00925351 /* Release configuration for PBXNativeTarget "iOS" */,
			);
			defaultConfigurationName = Release;
		};
		F3F8ED9B2D2EA2FE004A2638 /* Build configuration list for PBXNativeTarget "watchOS" */ = {
			isa = XCConfigurationList;
			buildConfigurations = (
				F3F8ED9C2D2EA2FE004A2638 /* Debug configuration for PBXNativeTarget "watchOS" */,
				F3F8ED9D2D2EA2FE004A2638 /* Release configuration for PBXNativeTarget "watchOS" */,
			);
			defaultConfigurationName = Release;
		};
/* End XCConfigurationList section */

/* Begin XCRemoteSwiftPackageReference section */
		F32B209C2CD5852800925351 /* XCRemoteSwiftPackageReference "HealthyKit" */ = {
			isa = XCRemoteSwiftPackageReference;
			repositoryURL = "https://github.com/TopScrech/HealthyKit";
			requirement = {
				branch = main;
				kind = branch;
			};
		};
		F32B209F2CD5853500925351 /* XCRemoteSwiftPackageReference "ScrechKit" */ = {
			isa = XCRemoteSwiftPackageReference;
			repositoryURL = "https://github.com/TopScrech/ScrechKit";
			requirement = {
				branch = main;
				kind = branch;
			};
		};
		F32B20A22CD5854700925351 /* XCRemoteSwiftPackageReference "swift-algorithms" */ = {
			isa = XCRemoteSwiftPackageReference;
			repositoryURL = "https://github.com/apple/swift-algorithms.git";
			requirement = {
				kind = upToNextMajorVersion;
				minimumVersion = 1.2.0;
			};
		};
		F3A9C4A52E99A5B80052700B /* XCRemoteSwiftPackageReference "Appearance" */ = {
			isa = XCRemoteSwiftPackageReference;
			repositoryURL = "https://github.com/TopScrech/Appearance";
			requirement = {
				branch = main;
				kind = branch;
			};
		};
/* End XCRemoteSwiftPackageReference section */

/* Begin XCSwiftPackageProductDependency section */
		F3242A302DDE803B000A16E8 /* ScrechKit */ = {
			isa = XCSwiftPackageProductDependency;
			package = F32B209F2CD5853500925351 /* XCRemoteSwiftPackageReference "ScrechKit" */;
			productName = ScrechKit;
		};
		F3242A322DDE804C000A16E8 /* ScrechKit */ = {
			isa = XCSwiftPackageProductDependency;
			package = F32B209F2CD5853500925351 /* XCRemoteSwiftPackageReference "ScrechKit" */;
			productName = ScrechKit;
		};
		F32B209D2CD5852800925351 /* HealthyKit */ = {
			isa = XCSwiftPackageProductDependency;
			package = F32B209C2CD5852800925351 /* XCRemoteSwiftPackageReference "HealthyKit" */;
			productName = HealthyKit;
		};
		F32B20A32CD5854700925351 /* Algorithms */ = {
			isa = XCSwiftPackageProductDependency;
			package = F32B20A22CD5854700925351 /* XCRemoteSwiftPackageReference "swift-algorithms" */;
			productName = Algorithms;
		};
		F3A9C4A62E99A5B80052700B /* Appearance */ = {
			isa = XCSwiftPackageProductDependency;
			package = F3A9C4A52E99A5B80052700B /* XCRemoteSwiftPackageReference "Appearance" */;
			productName = Appearance;
		};
/* End XCSwiftPackageProductDependency section */
	};
	rootObject = F32B20722CD5823B00925351 /* Project object */;
}
