// !$*UTF8*$!
{
	archiveVersion = 1;
	classes = {
	};
	objectVersion = 90;
	objects = {

/* Begin PBXBuildFile section */
		F314C8242E2E4D9A00F63B6A /* Default.icon in Resources */ = {isa = PBXBuildFile; fileRef = F314C8232E2E4D9A00F63B6A /* Default.icon */; };
		F322ADA72D2E943900EAC12A /* New Record Insulin.swift in Sources */ = {isa = PBXBuildFile; fileRef = F322ADA62D2E943900EAC12A /* New Record Insulin.swift */; };
		F322ADA92D2E961300EAC12A /* New Record Glucose.swift in Sources */ = {isa = PBXBuildFile; fileRef = F322ADA82D2E961300EAC12A /* New Record Glucose.swift */; };
		F322ADAB2D2E961500EAC12A /* New Record Carbs.swift in Sources */ = {isa = PBXBuildFile; fileRef = F322ADAA2D2E961500EAC12A /* New Record Carbs.swift */; };
		F322ADAD2D2E967000EAC12A /* Recor Type.swift in Sources */ = {isa = PBXBuildFile; fileRef = F322ADAC2D2E967000EAC12A /* Recor Type.swift */; };
		F322ADAF2D2E975A00EAC12A /* Meal Time.swift in Sources */ = {isa = PBXBuildFile; fileRef = F322ADAE2D2E975A00EAC12A /* Meal Time.swift */; };
		F3242A312DDE803B000A16E8 /* ScrechKit in Frameworks */ = {isa = PBXBuildFile; productRef = F3242A302DDE803B000A16E8 /* ScrechKit */; };
		F3242A332DDE804C000A16E8 /* ScrechKit in Frameworks */ = {isa = PBXBuildFile; productRef = F3242A322DDE804C000A16E8 /* ScrechKit */; };
		F325E2D72E5E9A750008928E /* WheelPickerView.swift in Sources */ = {isa = PBXBuildFile; fileRef = F325E2D62E5E9A750008928E /* WheelPickerView.swift */; };
		F325E2D92E5E9A7C0008928E /* LogWeightSheet.swift in Sources */ = {isa = PBXBuildFile; fileRef = F325E2D82E5E9A7C0008928E /* LogWeightSheet.swift */; };
		F325E2DB2E5E9A980008928E /* WeightList.swift in Sources */ = {isa = PBXBuildFile; fileRef = F325E2DA2E5E9A980008928E /* WeightList.swift */; };
		F32A1DDD2D2EEBD5008AEB2F /* WidgetKit.framework in Frameworks */ = {isa = PBXBuildFile; fileRef = F32A1DDC2D2EEBD5008AEB2F /* WidgetKit.framework */; };
		F32A1DDF2D2EEBD5008AEB2F /* SwiftUI.framework in Frameworks */ = {isa = PBXBuildFile; fileRef = F32A1DDE2D2EEBD5008AEB2F /* SwiftUI.framework */; };
		F32A1DEE2D2EEBD5008AEB2F /* Widgets.appex in Embed Foundation Extensions */ = {isa = PBXBuildFile; fileRef = F32A1DDA2D2EEBD5008AEB2F /* Widgets.appex */; settings = {ATTRIBUTES = (RemoveHeadersOnCopy, ); }; };
		F32A1DFB2D2EEC9B008AEB2F /* App Intent.swift in Sources */ = {isa = PBXBuildFile; fileRef = F32A1DF42D2EEC9B008AEB2F /* App Intent.swift */; };
		F32A1DFC2D2EEC9B008AEB2F /* Glucosy Widgets.swift in Sources */ = {isa = PBXBuildFile; fileRef = F32A1DF62D2EEC9B008AEB2F /* Glucosy Widgets.swift */; };
		F32A1DFD2D2EEC9B008AEB2F /* Glucosy Widgets Bundle.swift in Sources */ = {isa = PBXBuildFile; fileRef = F32A1DF72D2EEC9B008AEB2F /* Glucosy Widgets Bundle.swift */; };
		F32A1DFE2D2EEC9B008AEB2F /* Glucosy Widgets Control.swift in Sources */ = {isa = PBXBuildFile; fileRef = F32A1DF82D2EEC9B008AEB2F /* Glucosy Widgets Control.swift */; };
		F32A1DFF2D2EEC9B008AEB2F /* Assets.xcassets in Resources */ = {isa = PBXBuildFile; fileRef = F32A1DF52D2EEC9B008AEB2F /* Assets.xcassets */; };
		F32B20932CD5824400925351 /* Home View.swift in Sources */ = {isa = PBXBuildFile; fileRef = F32B208F2CD5824400925351 /* Home View.swift */; };
		F32B20942CD5824400925351 /* Glucosy.swift in Sources */ = {isa = PBXBuildFile; fileRef = F32B20912CD5824400925351 /* Glucosy.swift */; };
		F32B20962CD5824400925351 /* Assets.xcassets in Resources */ = {isa = PBXBuildFile; fileRef = F32B208E2CD5824400925351 /* Assets.xcassets */; };
		F32B20992CD5830200925351 /* Localizable.xcstrings in Resources */ = {isa = PBXBuildFile; fileRef = F32B20982CD5830200925351 /* Localizable.xcstrings */; };
		F32B209B2CD5840400925351 /* App Container.swift in Sources */ = {isa = PBXBuildFile; fileRef = F32B209A2CD5840400925351 /* App Container.swift */; };
		F32B209E2CD5852800925351 /* HealthyKit in Frameworks */ = {isa = PBXBuildFile; productRef = F32B209D2CD5852800925351 /* HealthyKit */; };
		F32B20A42CD5854700925351 /* Algorithms in Frameworks */ = {isa = PBXBuildFile; productRef = F32B20A32CD5854700925351 /* Algorithms */; };
		F32B20A82CD5859000925351 /* Record List.swift in Sources */ = {isa = PBXBuildFile; fileRef = F32B20A72CD5859000925351 /* Record List.swift */; };
		F32B20AA2CD5859700925351 /* App Settings.swift in Sources */ = {isa = PBXBuildFile; fileRef = F32B20A92CD5859700925351 /* App Settings.swift */; };
		F32B20AE2CD58C5E00925351 /* Today View.swift in Sources */ = {isa = PBXBuildFile; fileRef = F32B20AC2CD58C5E00925351 /* Today View.swift */; };
		F34345D22DDF14F00033A7DE /* Sources.xcassets in Resources */ = {isa = PBXBuildFile; fileRef = F34345D12DDF14F00033A7DE /* Sources.xcassets */; };
		F34345D32DDF14F50033A7DE /* Sources.xcassets in Resources */ = {isa = PBXBuildFile; fileRef = F34345D12DDF14F00033A7DE /* Sources.xcassets */; };
		F3B2CD1F2CE1760900743323 /* HealthKit.swift in Sources */ = {isa = PBXBuildFile; fileRef = F3B2CD1E2CE1760900743323 /* HealthKit.swift */; };
		F3B2CD232CE1784500743323 /* Delete.swift in Sources */ = {isa = PBXBuildFile; fileRef = F3B2CD222CE1784500743323 /* Delete.swift */; };
		F3B2CD2C2CE1786500743323 /* Write Carbs.swift in Sources */ = {isa = PBXBuildFile; fileRef = F3B2CD292CE1786500743323 /* Write Carbs.swift */; };
		F3B2CD2D2CE1786500743323 /* Read Glucose.swift in Sources */ = {isa = PBXBuildFile; fileRef = F3B2CD272CE1786500743323 /* Read Glucose.swift */; };
		F3B2CD2F2CE1786500743323 /* Write Insulin.swift in Sources */ = {isa = PBXBuildFile; fileRef = F3B2CD2B2CE1786500743323 /* Write Insulin.swift */; };
		F3B2CD302CE1786500743323 /* Write Glucose.swift in Sources */ = {isa = PBXBuildFile; fileRef = F3B2CD2A2CE1786500743323 /* Write Glucose.swift */; };
		F3B2CD332CE1786500743323 /* Read Insulin.swift in Sources */ = {isa = PBXBuildFile; fileRef = F3B2CD282CE1786500743323 /* Read Insulin.swift */; };
		F3B2CD352CE17B0700743323 /* Glucose List.swift in Sources */ = {isa = PBXBuildFile; fileRef = F3B2CD342CE17B0700743323 /* Glucose List.swift */; };
		F3B2CD372CE1820800743323 /* Glucose Card.swift in Sources */ = {isa = PBXBuildFile; fileRef = F3B2CD362CE1820800743323 /* Glucose Card.swift */; };
		F3B2CD392CE1840800743323 /* Insulin Type.swift in Sources */ = {isa = PBXBuildFile; fileRef = F3B2CD382CE1840800743323 /* Insulin Type.swift */; };
		F3B2CD3E2CE2132E00743323 /* Read Carbs.swift in Sources */ = {isa = PBXBuildFile; fileRef = F3B2CD3D2CE2132E00743323 /* Read Carbs.swift */; };
		F3B2CD402CE214BE00743323 /* Carbs List.swift in Sources */ = {isa = PBXBuildFile; fileRef = F3B2CD3F2CE214BE00743323 /* Carbs List.swift */; };
		F3B2CD422CE214C700743323 /* Insulin List.swift in Sources */ = {isa = PBXBuildFile; fileRef = F3B2CD412CE214C700743323 /* Insulin List.swift */; };
		F3B2CD442CE214EA00743323 /* Carbs Card.swift in Sources */ = {isa = PBXBuildFile; fileRef = F3B2CD432CE214EA00743323 /* Carbs Card.swift */; };
		F3B2CD462CE2154200743323 /* Source Name.swift in Sources */ = {isa = PBXBuildFile; fileRef = F3B2CD452CE2154200743323 /* Source Name.swift */; };
		F3B2CD482CE2158200743323 /* Insulin Card.swift in Sources */ = {isa = PBXBuildFile; fileRef = F3B2CD472CE2158200743323 /* Insulin Card.swift */; };
		F3B2CD522CE2597B00743323 /* New Record Sheet.swift in Sources */ = {isa = PBXBuildFile; fileRef = F3B2CD512CE2597B00743323 /* New Record Sheet.swift */; };
		F3B58A3A2CE354F0000FB1BE /* Source Image.swift in Sources */ = {isa = PBXBuildFile; fileRef = F3B58A392CE354F0000FB1BE /* Source Image.swift */; };
		F3C7A0E62DE8994200972479 /* Health Record.swift in Sources */ = {isa = PBXBuildFile; fileRef = F3C7A0E52DE8994200972479 /* Health Record.swift */; };
		F3D10C6F2DE714FE003122EC /* Utils.swift in Sources */ = {isa = PBXBuildFile; fileRef = F3D10C6E2DE714FE003122EC /* Utils.swift */; };
		F3F8ED502D2EA08A004A2638 /* ValueStore.swift in Sources */ = {isa = PBXBuildFile; fileRef = F3F8ED4F2D2EA08A004A2638 /* ValueStore.swift */; };
		F3F8ED9A2D2EA2FE004A2638 /* watchOS.app in Embed Watch Content */ = {isa = PBXBuildFile; fileRef = F3F8ED8D2D2EA2FD004A2638 /* watchOS.app */; settings = {ATTRIBUTES = (RemoveHeadersOnCopy, ); }; };
		F3F8EDA62D2EA303004A2638 /* Assets.xcassets in Resources */ = {isa = PBXBuildFile; fileRef = F3F8EDA12D2EA303004A2638 /* Assets.xcassets */; };
		F3F8EDA72D2EA303004A2638 /* ContentView.swift in Sources */ = {isa = PBXBuildFile; fileRef = F3F8EDA22D2EA303004A2638 /* ContentView.swift */; };
		F3F8EDA82D2EA303004A2638 /* Glucosy watchOS.swift in Sources */ = {isa = PBXBuildFile; fileRef = F3F8EDA32D2EA303004A2638 /* Glucosy watchOS.swift */; };
/* End PBXBuildFile section */

/* Begin PBXContainerItemProxy section */
		F32A1DEC2D2EEBD5008AEB2F /* PBXContainerItemProxy */ = {
			isa = PBXContainerItemProxy;
			containerPortal = F32B20722CD5823B00925351 /* Project object */;
			proxyType = 1;
			remoteGlobalIDString = F32A1DD92D2EEBD5008AEB2F;
			remoteInfo = "Glucosy WidgetsExtension";
		};
		F3F8ED982D2EA2FE004A2638 /* PBXContainerItemProxy */ = {
			isa = PBXContainerItemProxy;
			containerPortal = F32B20722CD5823B00925351 /* Project object */;
			proxyType = 1;
			remoteGlobalIDString = F3F8ED8C2D2EA2FD004A2638;
			remoteInfo = "Glucosy watchOS Watch App";
		};
/* End PBXContainerItemProxy section */

/* Begin PBXCopyFilesBuildPhase section */
		F32A1DF32D2EEBD5008AEB2F /* Embed Foundation Extensions */ = {
			isa = PBXCopyFilesBuildPhase;
			dstPath = "";
			dstSubfolder = PlugIns;
			files = (
				F32A1DEE2D2EEBD5008AEB2F /* Widgets.appex in Embed Foundation Extensions */,
			);
			name = "Embed Foundation Extensions";
		};
		F3F8ED9E2D2EA2FE004A2638 /* Embed Watch Content */ = {
			isa = PBXCopyFilesBuildPhase;
			dstPath = "$(CONTENTS_FOLDER_PATH)/Watch";
			dstSubfolder = Product;
			files = (
				F3F8ED9A2D2EA2FE004A2638 /* watchOS.app in Embed Watch Content */,
			);
			name = "Embed Watch Content";
		};
/* End PBXCopyFilesBuildPhase section */

/* Begin PBXFileReference section */
		F314C8232E2E4D9A00F63B6A /* Default.icon */ = {isa = PBXFileReference; lastKnownFileType = folder.iconcomposer.icon; path = Default.icon; sourceTree = "<group>"; };
		F322ADA62D2E943900EAC12A /* New Record Insulin.swift */ = {isa = PBXFileReference; lastKnownFileType = sourcecode.swift; path = "New Record Insulin.swift"; sourceTree = "<group>"; };
		F322ADA82D2E961300EAC12A /* New Record Glucose.swift */ = {isa = PBXFileReference; lastKnownFileType = sourcecode.swift; path = "New Record Glucose.swift"; sourceTree = "<group>"; };
		F322ADAA2D2E961500EAC12A /* New Record Carbs.swift */ = {isa = PBXFileReference; lastKnownFileType = sourcecode.swift; path = "New Record Carbs.swift"; sourceTree = "<group>"; };
		F322ADAC2D2E967000EAC12A /* Recor Type.swift */ = {isa = PBXFileReference; lastKnownFileType = sourcecode.swift; path = "Recor Type.swift"; sourceTree = "<group>"; };
		F322ADAE2D2E975A00EAC12A /* Meal Time.swift */ = {isa = PBXFileReference; lastKnownFileType = sourcecode.swift; path = "Meal Time.swift"; sourceTree = "<group>"; };
		F3242A342DDE8095000A16E8 /* watchOS.entitlements */ = {isa = PBXFileReference; lastKnownFileType = text.plist.entitlements; path = watchOS.entitlements; sourceTree = "<group>"; };
		F325E2D62E5E9A750008928E /* WheelPickerView.swift */ = {isa = PBXFileReference; lastKnownFileType = sourcecode.swift; path = WheelPickerView.swift; sourceTree = "<group>"; };
		F325E2D82E5E9A7C0008928E /* LogWeightSheet.swift */ = {isa = PBXFileReference; lastKnownFileType = sourcecode.swift; path = LogWeightSheet.swift; sourceTree = "<group>"; };
		F325E2DA2E5E9A980008928E /* WeightList.swift */ = {isa = PBXFileReference; lastKnownFileType = sourcecode.swift; path = WeightList.swift; sourceTree = "<group>"; };
		F32A1DDA2D2EEBD5008AEB2F /* Widgets.appex */ = {isa = PBXFileReference; explicitFileType = "wrapper.app-extension"; includeInIndex = 0; path = Widgets.appex; sourceTree = BUILT_PRODUCTS_DIR; };
		F32A1DDC2D2EEBD5008AEB2F /* WidgetKit.framework */ = {isa = PBXFileReference; lastKnownFileType = wrapper.framework; name = WidgetKit.framework; path = System/Library/Frameworks/WidgetKit.framework; sourceTree = SDKROOT; };
		F32A1DDE2D2EEBD5008AEB2F /* SwiftUI.framework */ = {isa = PBXFileReference; lastKnownFileType = wrapper.framework; name = SwiftUI.framework; path = System/Library/Frameworks/SwiftUI.framework; sourceTree = SDKROOT; };
		F32A1DF42D2EEC9B008AEB2F /* App Intent.swift */ = {isa = PBXFileReference; lastKnownFileType = sourcecode.swift; path = "App Intent.swift"; sourceTree = "<group>"; };
		F32A1DF52D2EEC9B008AEB2F /* Assets.xcassets */ = {isa = PBXFileReference; lastKnownFileType = folder.assetcatalog; path = Assets.xcassets; sourceTree = "<group>"; };
		F32A1DF62D2EEC9B008AEB2F /* Glucosy Widgets.swift */ = {isa = PBXFileReference; lastKnownFileType = sourcecode.swift; path = "Glucosy Widgets.swift"; sourceTree = "<group>"; };
		F32A1DF72D2EEC9B008AEB2F /* Glucosy Widgets Bundle.swift */ = {isa = PBXFileReference; lastKnownFileType = sourcecode.swift; path = "Glucosy Widgets Bundle.swift"; sourceTree = "<group>"; };
		F32A1DF82D2EEC9B008AEB2F /* Glucosy Widgets Control.swift */ = {isa = PBXFileReference; lastKnownFileType = sourcecode.swift; path = "Glucosy Widgets Control.swift"; sourceTree = "<group>"; };
		F32A1DF92D2EEC9B008AEB2F /* WIdgets.plist */ = {isa = PBXFileReference; lastKnownFileType = text.plist.xml; path = WIdgets.plist; sourceTree = "<group>"; };
		F32B207A2CD5823B00925351 /* iOS.app */ = {isa = PBXFileReference; explicitFileType = wrapper.application; includeInIndex = 0; path = iOS.app; sourceTree = BUILT_PRODUCTS_DIR; };
		F32B208E2CD5824400925351 /* Assets.xcassets */ = {isa = PBXFileReference; lastKnownFileType = folder.assetcatalog; path = Assets.xcassets; sourceTree = "<group>"; };
		F32B208F2CD5824400925351 /* Home View.swift */ = {isa = PBXFileReference; lastKnownFileType = sourcecode.swift; path = "Home View.swift"; sourceTree = "<group>"; };
		F32B20902CD5824400925351 /* iOS.entitlements */ = {isa = PBXFileReference; lastKnownFileType = text.plist.entitlements; path = iOS.entitlements; sourceTree = "<group>"; };
		F32B20912CD5824400925351 /* Glucosy.swift */ = {isa = PBXFileReference; lastKnownFileType = sourcecode.swift; path = Glucosy.swift; sourceTree = "<group>"; };
		F32B20972CD5827D00925351 /* iOS.plist */ = {isa = PBXFileReference; lastKnownFileType = text.plist.xml; path = iOS.plist; sourceTree = "<group>"; };
		F32B20982CD5830200925351 /* Localizable.xcstrings */ = {isa = PBXFileReference; lastKnownFileType = text.json.xcstrings; path = Localizable.xcstrings; sourceTree = "<group>"; };
		F32B209A2CD5840400925351 /* App Container.swift */ = {isa = PBXFileReference; lastKnownFileType = sourcecode.swift; path = "App Container.swift"; sourceTree = "<group>"; };
		F32B20A72CD5859000925351 /* Record List.swift */ = {isa = PBXFileReference; lastKnownFileType = sourcecode.swift; path = "Record List.swift"; sourceTree = "<group>"; };
		F32B20A92CD5859700925351 /* App Settings.swift */ = {isa = PBXFileReference; lastKnownFileType = sourcecode.swift; path = "App Settings.swift"; sourceTree = "<group>"; };
		F32B20AC2CD58C5E00925351 /* Today View.swift */ = {isa = PBXFileReference; lastKnownFileType = sourcecode.swift; path = "Today View.swift"; sourceTree = "<group>"; };
		F34162042DDE8B3D009EEAE0 /* Widgets.entitlements */ = {isa = PBXFileReference; lastKnownFileType = text.plist.entitlements; path = Widgets.entitlements; sourceTree = "<group>"; };
		F34345D12DDF14F00033A7DE /* Sources.xcassets */ = {isa = PBXFileReference; lastKnownFileType = folder.assetcatalog; path = Sources.xcassets; sourceTree = "<group>"; };
		F3B2CD1E2CE1760900743323 /* HealthKit.swift */ = {isa = PBXFileReference; lastKnownFileType = sourcecode.swift; path = HealthKit.swift; sourceTree = "<group>"; };
		F3B2CD222CE1784500743323 /* Delete.swift */ = {isa = PBXFileReference; lastKnownFileType = sourcecode.swift; path = Delete.swift; sourceTree = "<group>"; };
		F3B2CD272CE1786500743323 /* Read Glucose.swift */ = {isa = PBXFileReference; lastKnownFileType = sourcecode.swift; path = "Read Glucose.swift"; sourceTree = "<group>"; };
		F3B2CD282CE1786500743323 /* Read Insulin.swift */ = {isa = PBXFileReference; lastKnownFileType = sourcecode.swift; path = "Read Insulin.swift"; sourceTree = "<group>"; };
		F3B2CD292CE1786500743323 /* Write Carbs.swift */ = {isa = PBXFileReference; lastKnownFileType = sourcecode.swift; path = "Write Carbs.swift"; sourceTree = "<group>"; };
		F3B2CD2A2CE1786500743323 /* Write Glucose.swift */ = {isa = PBXFileReference; lastKnownFileType = sourcecode.swift; path = "Write Glucose.swift"; sourceTree = "<group>"; };
		F3B2CD2B2CE1786500743323 /* Write Insulin.swift */ = {isa = PBXFileReference; lastKnownFileType = sourcecode.swift; path = "Write Insulin.swift"; sourceTree = "<group>"; };
		F3B2CD342CE17B0700743323 /* Glucose List.swift */ = {isa = PBXFileReference; lastKnownFileType = sourcecode.swift; path = "Glucose List.swift"; sourceTree = "<group>"; };
		F3B2CD362CE1820800743323 /* Glucose Card.swift */ = {isa = PBXFileReference; lastKnownFileType = sourcecode.swift; path = "Glucose Card.swift"; sourceTree = "<group>"; };
		F3B2CD382CE1840800743323 /* Insulin Type.swift */ = {isa = PBXFileReference; lastKnownFileType = sourcecode.swift; path = "Insulin Type.swift"; sourceTree = "<group>"; };
		F3B2CD3D2CE2132E00743323 /* Read Carbs.swift */ = {isa = PBXFileReference; lastKnownFileType = sourcecode.swift; path = "Read Carbs.swift"; sourceTree = "<group>"; };
		F3B2CD3F2CE214BE00743323 /* Carbs List.swift */ = {isa = PBXFileReference; lastKnownFileType = sourcecode.swift; path = "Carbs List.swift"; sourceTree = "<group>"; };
		F3B2CD412CE214C700743323 /* Insulin List.swift */ = {isa = PBXFileReference; lastKnownFileType = sourcecode.swift; path = "Insulin List.swift"; sourceTree = "<group>"; };
		F3B2CD432CE214EA00743323 /* Carbs Card.swift */ = {isa = PBXFileReference; lastKnownFileType = sourcecode.swift; path = "Carbs Card.swift"; sourceTree = "<group>"; };
		F3B2CD452CE2154200743323 /* Source Name.swift */ = {isa = PBXFileReference; lastKnownFileType = sourcecode.swift; path = "Source Name.swift"; sourceTree = "<group>"; };
		F3B2CD472CE2158200743323 /* Insulin Card.swift */ = {isa = PBXFileReference; lastKnownFileType = sourcecode.swift; path = "Insulin Card.swift"; sourceTree = "<group>"; };
		F3B2CD512CE2597B00743323 /* New Record Sheet.swift */ = {isa = PBXFileReference; lastKnownFileType = sourcecode.swift; path = "New Record Sheet.swift"; sourceTree = "<group>"; };
		F3B58A392CE354F0000FB1BE /* Source Image.swift */ = {isa = PBXFileReference; lastKnownFileType = sourcecode.swift; path = "Source Image.swift"; sourceTree = "<group>"; };
		F3C7A0E52DE8994200972479 /* Health Record.swift */ = {isa = PBXFileReference; lastKnownFileType = sourcecode.swift; path = "Health Record.swift"; sourceTree = "<group>"; };
		F3D10C6E2DE714FE003122EC /* Utils.swift */ = {isa = PBXFileReference; lastKnownFileType = sourcecode.swift; path = Utils.swift; sourceTree = "<group>"; };
		F3F8ED4F2D2EA08A004A2638 /* ValueStore.swift */ = {isa = PBXFileReference; lastKnownFileType = sourcecode.swift; path = ValueStore.swift; sourceTree = "<group>"; };
		F3F8ED8D2D2EA2FD004A2638 /* watchOS.app */ = {isa = PBXFileReference; explicitFileType = wrapper.application; includeInIndex = 0; path = watchOS.app; sourceTree = BUILT_PRODUCTS_DIR; };
		F3F8EDA12D2EA303004A2638 /* Assets.xcassets */ = {isa = PBXFileReference; lastKnownFileType = folder.assetcatalog; path = Assets.xcassets; sourceTree = "<group>"; };
		F3F8EDA22D2EA303004A2638 /* ContentView.swift */ = {isa = PBXFileReference; lastKnownFileType = sourcecode.swift; path = ContentView.swift; sourceTree = "<group>"; };
		F3F8EDA32D2EA303004A2638 /* Glucosy watchOS.swift */ = {isa = PBXFileReference; lastKnownFileType = sourcecode.swift; path = "Glucosy watchOS.swift"; sourceTree = "<group>"; };
/* End PBXFileReference section */

/* Begin PBXFrameworksBuildPhase section */
		F32A1DD72D2EEBD5008AEB2F /* Frameworks */ = {
			isa = PBXFrameworksBuildPhase;
			files = (
				F32A1DDF2D2EEBD5008AEB2F /* SwiftUI.framework in Frameworks */,
				F32A1DDD2D2EEBD5008AEB2F /* WidgetKit.framework in Frameworks */,
			);
		};
		F32B20772CD5823B00925351 /* Frameworks */ = {
			isa = PBXFrameworksBuildPhase;
			files = (
				F3242A312DDE803B000A16E8 /* ScrechKit in Frameworks */,
				F32B20A42CD5854700925351 /* Algorithms in Frameworks */,
				F32B209E2CD5852800925351 /* HealthyKit in Frameworks */,
			);
		};
		F3F8ED8A2D2EA2FD004A2638 /* Frameworks */ = {
			isa = PBXFrameworksBuildPhase;
			files = (
				F3242A332DDE804C000A16E8 /* ScrechKit in Frameworks */,
			);
		};
/* End PBXFrameworksBuildPhase section */

/* Begin PBXGroup section */
		F322ADA52D2E942A00EAC12A /* New Record */ = {
			isa = PBXGroup;
			children = (
				F3B2CD512CE2597B00743323 /* New Record Sheet.swift */,
				F322ADAC2D2E967000EAC12A /* Recor Type.swift */,
				F322ADAE2D2E975A00EAC12A /* Meal Time.swift */,
				F322ADA62D2E943900EAC12A /* New Record Insulin.swift */,
				F322ADA82D2E961300EAC12A /* New Record Glucose.swift */,
				F322ADAA2D2E961500EAC12A /* New Record Carbs.swift */,
			);
			path = "New Record";
			sourceTree = "<group>";
		};
		F325E2D52E5E9A6D0008928E /* Weight */ = {
			isa = PBXGroup;
			children = (
				F325E2DA2E5E9A980008928E /* WeightList.swift */,
				F325E2D82E5E9A7C0008928E /* LogWeightSheet.swift */,
				F325E2D62E5E9A750008928E /* WheelPickerView.swift */,
			);
			path = Weight;
			sourceTree = "<group>";
		};
		F32A1DDB2D2EEBD5008AEB2F /* Frameworks */ = {
			isa = PBXGroup;
			children = (
				F32A1DDC2D2EEBD5008AEB2F /* WidgetKit.framework */,
				F32A1DDE2D2EEBD5008AEB2F /* SwiftUI.framework */,
			);
			name = Frameworks;
			sourceTree = "<group>";
		};
		F32A1DFA2D2EEC9B008AEB2F /* Widgets */ = {
			isa = PBXGroup;
			children = (
				F32A1DF72D2EEC9B008AEB2F /* Glucosy Widgets Bundle.swift */,
				F32A1DF92D2EEC9B008AEB2F /* WIdgets.plist */,
				F34162042DDE8B3D009EEAE0 /* Widgets.entitlements */,
				F32A1DF52D2EEC9B008AEB2F /* Assets.xcassets */,
				F32A1DF42D2EEC9B008AEB2F /* App Intent.swift */,
				F32A1DF62D2EEC9B008AEB2F /* Glucosy Widgets.swift */,
				F32A1DF82D2EEC9B008AEB2F /* Glucosy Widgets Control.swift */,
			);
			path = Widgets;
			sourceTree = "<group>";
		};
		F32B20712CD5823B00925351 = {
			isa = PBXGroup;
			children = (
				F32B20922CD5824400925351 /* iOS */,
				F3F8EDA42D2EA303004A2638 /* watchOS */,
				F32A1DFA2D2EEC9B008AEB2F /* Widgets */,
				F32A1DDB2D2EEBD5008AEB2F /* Frameworks */,
				F32B207B2CD5823B00925351 /* Products */,
			);
			sourceTree = "<group>";
		};
		F32B207B2CD5823B00925351 /* Products */ = {
			isa = PBXGroup;
			children = (
				F32B207A2CD5823B00925351 /* iOS.app */,
				F3F8ED8D2D2EA2FD004A2638 /* watchOS.app */,
				F32A1DDA2D2EEBD5008AEB2F /* Widgets.appex */,
			);
			name = Products;
			sourceTree = "<group>";
		};
		F32B20922CD5824400925351 /* iOS */ = {
			isa = PBXGroup;
			children = (
				F32B20912CD5824400925351 /* Glucosy.swift */,
				F3F8ED4F2D2EA08A004A2638 /* ValueStore.swift */,
				F32B20B12CD58C6D00925351 /* Nav */,
				F32B20972CD5827D00925351 /* iOS.plist */,
				F32B20902CD5824400925351 /* iOS.entitlements */,
				F32B208E2CD5824400925351 /* Assets.xcassets */,
				F34345D12DDF14F00033A7DE /* Sources.xcassets */,
				F32B20982CD5830200925351 /* Localizable.xcstrings */,
				F314C8232E2E4D9A00F63B6A /* Default.icon */,
				F32B208F2CD5824400925351 /* Home View.swift */,
				F3D10C6E2DE714FE003122EC /* Utils.swift */,
				F32B20AF2CD58C6100925351 /* Records */,
				F32B20AD2CD58C5E00925351 /* Today */,
				F32B20B02CD58C6800925351 /* Settings */,
			);
			path = iOS;
			sourceTree = "<group>";
		};
		F32B20AD2CD58C5E00925351 /* Today */ = {
			isa = PBXGroup;
			children = (
				F32B20AC2CD58C5E00925351 /* Today View.swift */,
			);
			path = Today;
			sourceTree = "<group>";
		};
		F32B20AF2CD58C6100925351 /* Records */ = {
			isa = PBXGroup;
			children = (
				F32B20A72CD5859000925351 /* Record List.swift */,
				F3B2CD1E2CE1760900743323 /* HealthKit.swift */,
				F3B2CD452CE2154200743323 /* Source Name.swift */,
				F3B58A392CE354F0000FB1BE /* Source Image.swift */,
				F322ADA52D2E942A00EAC12A /* New Record */,
				F325E2D52E5E9A6D0008928E /* Weight */,
				F3B2CD502CE2552200743323 /* Glucose */,
				F3B2CD4F2CE2551A00743323 /* Carbs */,
				F3B2CD4E2CE2551200743323 /* Insulin */,
				F3B2CD3A2CE184AD00743323 /* HealthKit */,
			);
			path = Records;
			sourceTree = "<group>";
		};
		F32B20B02CD58C6800925351 /* Settings */ = {
			isa = PBXGroup;
			children = (
				F32B20A92CD5859700925351 /* App Settings.swift */,
			);
			path = Settings;
			sourceTree = "<group>";
		};
		F32B20B12CD58C6D00925351 /* Nav */ = {
			isa = PBXGroup;
			children = (
				F32B209A2CD5840400925351 /* App Container.swift */,
			);
			path = Nav;
			sourceTree = "<group>";
		};
		F3B2CD3A2CE184AD00743323 /* HealthKit */ = {
			isa = PBXGroup;
			children = (
				F3B2CD382CE1840800743323 /* Insulin Type.swift */,
				F3B2CD3D2CE2132E00743323 /* Read Carbs.swift */,
				F3B2CD272CE1786500743323 /* Read Glucose.swift */,
				F3B2CD282CE1786500743323 /* Read Insulin.swift */,
				F3B2CD292CE1786500743323 /* Write Carbs.swift */,
				F3B2CD2A2CE1786500743323 /* Write Glucose.swift */,
				F3B2CD2B2CE1786500743323 /* Write Insulin.swift */,
				F3B2CD222CE1784500743323 /* Delete.swift */,
				F3B2CD4D2CE253E400743323 /* Models */,
			);
			path = HealthKit;
			sourceTree = "<group>";
		};
		F3B2CD4D2CE253E400743323 /* Models */ = {
			isa = PBXGroup;
			children = (
				F3C7A0E52DE8994200972479 /* Health Record.swift */,
			);
			path = Models;
			sourceTree = "<group>";
		};
		F3B2CD4E2CE2551200743323 /* Insulin */ = {
			isa = PBXGroup;
			children = (
				F3B2CD412CE214C700743323 /* Insulin List.swift */,
				F3B2CD472CE2158200743323 /* Insulin Card.swift */,
			);
			path = Insulin;
			sourceTree = "<group>";
		};
		F3B2CD4F2CE2551A00743323 /* Carbs */ = {
			isa = PBXGroup;
			children = (
				F3B2CD3F2CE214BE00743323 /* Carbs List.swift */,
				F3B2CD432CE214EA00743323 /* Carbs Card.swift */,
			);
			path = Carbs;
			sourceTree = "<group>";
		};
		F3B2CD502CE2552200743323 /* Glucose */ = {
			isa = PBXGroup;
			children = (
				F3B2CD342CE17B0700743323 /* Glucose List.swift */,
				F3B2CD362CE1820800743323 /* Glucose Card.swift */,
			);
			path = Glucose;
			sourceTree = "<group>";
		};
		F3F8EDA42D2EA303004A2638 /* watchOS */ = {
			isa = PBXGroup;
			children = (
				F3F8EDA32D2EA303004A2638 /* Glucosy watchOS.swift */,
				F3242A342DDE8095000A16E8 /* watchOS.entitlements */,
				F3F8EDA12D2EA303004A2638 /* Assets.xcassets */,
				F3F8EDA22D2EA303004A2638 /* ContentView.swift */,
			);
			path = watchOS;
			sourceTree = "<group>";
		};
/* End PBXGroup section */

/* Begin PBXNativeTarget section */
		F32A1DD92D2EEBD5008AEB2F /* Widgets */ = {
			isa = PBXNativeTarget;
			buildConfigurationList = F32A1DF02D2EEBD5008AEB2F /* Build configuration list for PBXNativeTarget "Widgets" */;
			buildPhases = (
				F32A1DD62D2EEBD5008AEB2F /* Sources */,
				F32A1DD72D2EEBD5008AEB2F /* Frameworks */,
				F32A1DD82D2EEBD5008AEB2F /* Resources */,
			);
			buildRules = (
			);
			name = Widgets;
			productName = "Glucosy WidgetsExtension";
			productReference = F32A1DDA2D2EEBD5008AEB2F /* Widgets.appex */;
			productType = "com.apple.product-type.app-extension";
		};
		F32B20792CD5823B00925351 /* iOS */ = {
			isa = PBXNativeTarget;
			buildConfigurationList = F32B20892CD5823B00925351 /* Build configuration list for PBXNativeTarget "iOS" */;
			buildPhases = (
				F32B20762CD5823B00925351 /* Sources */,
				F32B20772CD5823B00925351 /* Frameworks */,
				F32B20782CD5823B00925351 /* Resources */,
				F3F8ED9E2D2EA2FE004A2638 /* Embed Watch Content */,
				F32A1DF32D2EEBD5008AEB2F /* Embed Foundation Extensions */,
			);
			buildRules = (
			);
			dependencies = (
				F3F8ED992D2EA2FE004A2638 /* PBXTargetDependency */,
				F32A1DED2D2EEBD5008AEB2F /* PBXTargetDependency */,
			);
			name = iOS;
			packageProductDependencies = (
				F32B209D2CD5852800925351 /* HealthyKit */,
				F32B20A32CD5854700925351 /* Algorithms */,
				F3242A302DDE803B000A16E8 /* ScrechKit */,
			);
			productName = Glucosy;
			productReference = F32B207A2CD5823B00925351 /* iOS.app */;
			productType = "com.apple.product-type.application";
		};
		F3F8ED8C2D2EA2FD004A2638 /* watchOS */ = {
			isa = PBXNativeTarget;
			buildConfigurationList = F3F8ED9B2D2EA2FE004A2638 /* Build configuration list for PBXNativeTarget "watchOS" */;
			buildPhases = (
				F3F8ED892D2EA2FD004A2638 /* Sources */,
				F3F8ED8A2D2EA2FD004A2638 /* Frameworks */,
				F3F8ED8B2D2EA2FD004A2638 /* Resources */,
			);
			buildRules = (
			);
			name = watchOS;
			packageProductDependencies = (
				F3242A322DDE804C000A16E8 /* ScrechKit */,
			);
			productName = "Glucosy watchOS Watch App";
			productReference = F3F8ED8D2D2EA2FD004A2638 /* watchOS.app */;
			productType = "com.apple.product-type.application";
		};
/* End PBXNativeTarget section */

/* Begin PBXProject section */
		F32B20722CD5823B00925351 /* Project object */ = {
			isa = PBXProject;
			attributes = {
				BuildIndependentTargetsInParallel = 1;
				LastSwiftUpdateCheck = 1620;
				LastUpgradeCheck = 1630;
				TargetAttributes = {
					F32A1DD92D2EEBD5008AEB2F = {
						CreatedOnToolsVersion = 16.2;
					};
					F32B20792CD5823B00925351 = {
						CreatedOnToolsVersion = 16.2;
					};
					F3F8ED8C2D2EA2FD004A2638 = {
						CreatedOnToolsVersion = 16.2;
					};
				};
			};
			buildConfigurationList = F32B20752CD5823B00925351 /* Build configuration list for PBXProject "Glucosy" */;
			developmentRegion = en;
			hasScannedForEncodings = 0;
			knownRegions = (
				en,
				Base,
				ru,
				nl,
			);
			mainGroup = F32B20712CD5823B00925351;
			minimizedProjectReferenceProxies = 1;
			packageReferences = (
				F32B209C2CD5852800925351 /* XCRemoteSwiftPackageReference "HealthyKit" */,
				F32B209F2CD5853500925351 /* XCRemoteSwiftPackageReference "ScrechKit" */,
				F32B20A22CD5854700925351 /* XCRemoteSwiftPackageReference "swift-algorithms" */,
			);
			preferredProjectObjectVersion = 90;
			productRefGroup = F32B207B2CD5823B00925351 /* Products */;
			projectDirPath = "";
			projectRoot = "";
			targets = (
				F32B20792CD5823B00925351 /* iOS */,
				F3F8ED8C2D2EA2FD004A2638 /* watchOS */,
				F32A1DD92D2EEBD5008AEB2F /* Widgets */,
			);
		};
/* End PBXProject section */

/* Begin PBXResourcesBuildPhase section */
		F32A1DD82D2EEBD5008AEB2F /* Resources */ = {
			isa = PBXResourcesBuildPhase;
			files = (
				F32A1DFF2D2EEC9B008AEB2F /* Assets.xcassets in Resources */,
			);
		};
		F32B20782CD5823B00925351 /* Resources */ = {
			isa = PBXResourcesBuildPhase;
			files = (
				F314C8242E2E4D9A00F63B6A /* Default.icon in Resources */,
				F32B20992CD5830200925351 /* Localizable.xcstrings in Resources */,
				F34345D22DDF14F00033A7DE /* Sources.xcassets in Resources */,
				F32B20962CD5824400925351 /* Assets.xcassets in Resources */,
			);
		};
		F3F8ED8B2D2EA2FD004A2638 /* Resources */ = {
			isa = PBXResourcesBuildPhase;
			files = (
				F34345D32DDF14F50033A7DE /* Sources.xcassets in Resources */,
				F3F8EDA62D2EA303004A2638 /* Assets.xcassets in Resources */,
			);
		};
/* End PBXResourcesBuildPhase section */

/* Begin PBXSourcesBuildPhase section */
		F32A1DD62D2EEBD5008AEB2F /* Sources */ = {
			isa = PBXSourcesBuildPhase;
			files = (
				F32A1DFB2D2EEC9B008AEB2F /* App Intent.swift in Sources */,
				F32A1DFC2D2EEC9B008AEB2F /* Glucosy Widgets.swift in Sources */,
				F32A1DFD2D2EEC9B008AEB2F /* Glucosy Widgets Bundle.swift in Sources */,
				F32A1DFE2D2EEC9B008AEB2F /* Glucosy Widgets Control.swift in Sources */,
			);
		};
		F32B20762CD5823B00925351 /* Sources */ = {
			isa = PBXSourcesBuildPhase;
			files = (
				F3F8ED502D2EA08A004A2638 /* ValueStore.swift in Sources */,
				F32B20932CD5824400925351 /* Home View.swift in Sources */,
				F32B20AE2CD58C5E00925351 /* Today View.swift in Sources */,
				F3B2CD1F2CE1760900743323 /* HealthKit.swift in Sources */,
				F3B2CD482CE2158200743323 /* Insulin Card.swift in Sources */,
				F32B20A82CD5859000925351 /* Record List.swift in Sources */,
				F322ADA92D2E961300EAC12A /* New Record Glucose.swift in Sources */,
				F322ADAF2D2E975A00EAC12A /* Meal Time.swift in Sources */,
				F3D10C6F2DE714FE003122EC /* Utils.swift in Sources */,
				F3C7A0E62DE8994200972479 /* Health Record.swift in Sources */,
				F3B2CD462CE2154200743323 /* Source Name.swift in Sources */,
				F32B20AA2CD5859700925351 /* App Settings.swift in Sources */,
				F3B2CD422CE214C700743323 /* Insulin List.swift in Sources */,
				F3B2CD372CE1820800743323 /* Glucose Card.swift in Sources */,
				F3B2CD2C2CE1786500743323 /* Write Carbs.swift in Sources */,
				F3B2CD442CE214EA00743323 /* Carbs Card.swift in Sources */,
				F3B2CD3E2CE2132E00743323 /* Read Carbs.swift in Sources */,
				F3B2CD2D2CE1786500743323 /* Read Glucose.swift in Sources */,
				F3B2CD2F2CE1786500743323 /* Write Insulin.swift in Sources */,
				F3B2CD302CE1786500743323 /* Write Glucose.swift in Sources */,
				F3B2CD352CE17B0700743323 /* Glucose List.swift in Sources */,
				F322ADAB2D2E961500EAC12A /* New Record Carbs.swift in Sources */,
				F3B58A3A2CE354F0000FB1BE /* Source Image.swift in Sources */,
				F325E2D72E5E9A750008928E /* WheelPickerView.swift in Sources */,
				F325E2D92E5E9A7C0008928E /* LogWeightSheet.swift in Sources */,
				F3B2CD332CE1786500743323 /* Read Insulin.swift in Sources */,
				F3B2CD392CE1840800743323 /* Insulin Type.swift in Sources */,
				F322ADA72D2E943900EAC12A /* New Record Insulin.swift in Sources */,
				F325E2DB2E5E9A980008928E /* WeightList.swift in Sources */,
				F3B2CD402CE214BE00743323 /* Carbs List.swift in Sources */,
				F32B209B2CD5840400925351 /* App Container.swift in Sources */,
				F3B2CD232CE1784500743323 /* Delete.swift in Sources */,
				F322ADAD2D2E967000EAC12A /* Recor Type.swift in Sources */,
				F32B20942CD5824400925351 /* Glucosy.swift in Sources */,
				F3B2CD522CE2597B00743323 /* New Record Sheet.swift in Sources */,
			);
		};
		F3F8ED892D2EA2FD004A2638 /* Sources */ = {
			isa = PBXSourcesBuildPhase;
			files = (
				F3F8EDA72D2EA303004A2638 /* ContentView.swift in Sources */,
				F3F8EDA82D2EA303004A2638 /* Glucosy watchOS.swift in Sources */,
			);
		};
/* End PBXSourcesBuildPhase section */

/* Begin PBXTargetDependency section */
		F32A1DED2D2EEBD5008AEB2F /* PBXTargetDependency */ = {
			isa = PBXTargetDependency;
			target = F32A1DD92D2EEBD5008AEB2F /* Widgets */;
			targetProxy = F32A1DEC2D2EEBD5008AEB2F /* PBXContainerItemProxy */;
		};
		F3F8ED992D2EA2FE004A2638 /* PBXTargetDependency */ = {
			isa = PBXTargetDependency;
			target = F3F8ED8C2D2EA2FD004A2638 /* watchOS */;
			targetProxy = F3F8ED982D2EA2FE004A2638 /* PBXContainerItemProxy */;
		};
/* End PBXTargetDependency section */

/* Begin XCBuildConfiguration section */
		F32A1DF12D2EEBD5008AEB2F /* Debug configuration for PBXNativeTarget "Widgets" */ = {
			isa = XCBuildConfiguration;
			buildSettings = {
				ASSETCATALOG_COMPILER_GLOBAL_ACCENT_COLOR_NAME = AccentColor;
				ASSETCATALOG_COMPILER_WIDGET_BACKGROUND_COLOR_NAME = WidgetBackground;
				CODE_SIGN_ENTITLEMENTS = Widgets/Widgets.entitlements;
				CODE_SIGN_IDENTITY = "Apple Development";
				CODE_SIGN_STYLE = Automatic;
				CURRENT_PROJECT_VERSION = 0;
				DEVELOPMENT_TEAM = 8FQUA2F388;
				GENERATE_INFOPLIST_FILE = YES;
				INFOPLIST_FILE = Widgets/Widgets.plist;
				INFOPLIST_KEY_CFBundleDisplayName = Glucosy;
				INFOPLIST_KEY_NSHealthShareUsageDescription = "Glucosy needs this permission in order to read health records";
				INFOPLIST_KEY_NSHealthUpdateUsageDescription = "Glucosy needs this permission in order to write health records";
				INFOPLIST_KEY_NSHumanReadableCopyright = "";
				IPHONEOS_DEPLOYMENT_TARGET = 17.0;
				LD_RUNPATH_SEARCH_PATHS = (
					"$(inherited)",
					"@executable_path/Frameworks",
					"@executable_path/../../Frameworks",
				);
				PRODUCT_BUNDLE_IDENTIFIER = dev.topscrech.Glucosy.Widgets;
				PRODUCT_NAME = "$(TARGET_NAME)";
				PROVISIONING_PROFILE_SPECIFIER = "";
				SDKROOT = iphoneos;
				SKIP_INSTALL = YES;
				SWIFT_EMIT_LOC_STRINGS = YES;
				SWIFT_VERSION = 5.0;
				TARGETED_DEVICE_FAMILY = "1,2";
			};
			name = Debug;
		};
		F32A1DF22D2EEBD5008AEB2F /* Release configuration for PBXNativeTarget "Widgets" */ = {
			isa = XCBuildConfiguration;
			buildSettings = {
				ASSETCATALOG_COMPILER_GLOBAL_ACCENT_COLOR_NAME = AccentColor;
				ASSETCATALOG_COMPILER_WIDGET_BACKGROUND_COLOR_NAME = WidgetBackground;
				CODE_SIGN_ENTITLEMENTS = Widgets/Widgets.entitlements;
				CODE_SIGN_IDENTITY = "Apple Development";
				CODE_SIGN_STYLE = Automatic;
				CURRENT_PROJECT_VERSION = 0;
				DEVELOPMENT_TEAM = 8FQUA2F388;
				GENERATE_INFOPLIST_FILE = YES;
				INFOPLIST_FILE = Widgets/Widgets.plist;
				INFOPLIST_KEY_CFBundleDisplayName = Glucosy;
				INFOPLIST_KEY_NSHealthShareUsageDescription = "Glucosy needs this permission in order to read health records";
				INFOPLIST_KEY_NSHealthUpdateUsageDescription = "Glucosy needs this permission in order to write health records";
				INFOPLIST_KEY_NSHumanReadableCopyright = "";
				IPHONEOS_DEPLOYMENT_TARGET = 17.0;
				LD_RUNPATH_SEARCH_PATHS = (
					"$(inherited)",
					"@executable_path/Frameworks",
					"@executable_path/../../Frameworks",
				);
				PRODUCT_BUNDLE_IDENTIFIER = dev.topscrech.Glucosy.Widgets;
				PRODUCT_NAME = "$(TARGET_NAME)";
				PROVISIONING_PROFILE_SPECIFIER = "";
				SDKROOT = iphoneos;
				SKIP_INSTALL = YES;
				SWIFT_EMIT_LOC_STRINGS = YES;
				SWIFT_VERSION = 5.0;
				TARGETED_DEVICE_FAMILY = "1,2";
				VALIDATE_PRODUCT = YES;
			};
			name = Release;
		};
		F32B20872CD5823B00925351 /* Debug configuration for PBXProject "Glucosy" */ = {
			isa = XCBuildConfiguration;
			buildSettings = {
				ALWAYS_SEARCH_USER_PATHS = NO;
				ASSETCATALOG_COMPILER_GENERATE_SWIFT_ASSET_SYMBOL_EXTENSIONS = YES;
				CLANG_ANALYZER_LOCALIZABILITY_NONLOCALIZED = YES;
				CLANG_ANALYZER_NONNULL = YES;
				CLANG_ANALYZER_NUMBER_OBJECT_CONVERSION = YES_AGGRESSIVE;
				CLANG_CXX_LANGUAGE_STANDARD = "gnu++20";
				CLANG_ENABLE_MODULES = YES;
				CLANG_ENABLE_OBJC_ARC = YES;
				CLANG_ENABLE_OBJC_WEAK = YES;
				CLANG_WARN_BLOCK_CAPTURE_AUTORELEASING = YES;
				CLANG_WARN_BOOL_CONVERSION = YES;
				CLANG_WARN_COMMA = YES;
				CLANG_WARN_CONSTANT_CONVERSION = YES;
				CLANG_WARN_DEPRECATED_OBJC_IMPLEMENTATIONS = YES;
				CLANG_WARN_DIRECT_OBJC_ISA_USAGE = YES_ERROR;
				CLANG_WARN_DOCUMENTATION_COMMENTS = YES;
				CLANG_WARN_EMPTY_BODY = YES;
				CLANG_WARN_ENUM_CONVERSION = YES;
				CLANG_WARN_INFINITE_RECURSION = YES;
				CLANG_WARN_INT_CONVERSION = YES;
				CLANG_WARN_NON_LITERAL_NULL_CONVERSION = YES;
				CLANG_WARN_OBJC_IMPLICIT_RETAIN_SELF = YES;
				CLANG_WARN_OBJC_LITERAL_CONVERSION = YES;
				CLANG_WARN_OBJC_ROOT_CLASS = YES_ERROR;
				CLANG_WARN_QUOTED_INCLUDE_IN_FRAMEWORK_HEADER = YES;
				CLANG_WARN_RANGE_LOOP_ANALYSIS = YES;
				CLANG_WARN_STRICT_PROTOTYPES = YES;
				CLANG_WARN_SUSPICIOUS_MOVE = YES;
				CLANG_WARN_UNGUARDED_AVAILABILITY = YES_AGGRESSIVE;
				CLANG_WARN_UNREACHABLE_CODE = YES;
				CLANG_WARN__DUPLICATE_METHOD_MATCH = YES;
				COPY_PHASE_STRIP = NO;
				DEAD_CODE_STRIPPING = YES;
				DEBUG_INFORMATION_FORMAT = dwarf;
				DEVELOPMENT_TEAM = 8FQUA2F388;
				ENABLE_STRICT_OBJC_MSGSEND = YES;
				ENABLE_TESTABILITY = YES;
				ENABLE_USER_SCRIPT_SANDBOXING = YES;
				GCC_C_LANGUAGE_STANDARD = gnu17;
				GCC_DYNAMIC_NO_PIC = NO;
				GCC_NO_COMMON_BLOCKS = YES;
				GCC_OPTIMIZATION_LEVEL = 0;
				GCC_PREPROCESSOR_DEFINITIONS = (
					"DEBUG=1",
					"$(inherited)",
				);
				GCC_WARN_64_TO_32_BIT_CONVERSION = YES;
				GCC_WARN_ABOUT_RETURN_TYPE = YES_ERROR;
				GCC_WARN_UNDECLARED_SELECTOR = YES;
				GCC_WARN_UNINITIALIZED_AUTOS = YES_AGGRESSIVE;
				GCC_WARN_UNUSED_FUNCTION = YES;
				GCC_WARN_UNUSED_VARIABLE = YES;
				LOCALIZATION_PREFERS_STRING_CATALOGS = YES;
				MARKETING_VERSION = 0.9;
				MTL_ENABLE_DEBUG_INFO = INCLUDE_SOURCE;
				MTL_FAST_MATH = YES;
				ONLY_ACTIVE_ARCH = YES;
				SWIFT_ACTIVE_COMPILATION_CONDITIONS = "DEBUG $(inherited)";
				SWIFT_EMIT_LOC_STRINGS = YES;
				SWIFT_OPTIMIZATION_LEVEL = "-Onone";
			};
			name = Debug;
		};
		F32B20882CD5823B00925351 /* Release configuration for PBXProject "Glucosy" */ = {
			isa = XCBuildConfiguration;
			buildSettings = {
				ALWAYS_SEARCH_USER_PATHS = NO;
				ASSETCATALOG_COMPILER_GENERATE_SWIFT_ASSET_SYMBOL_EXTENSIONS = YES;
				CLANG_ANALYZER_LOCALIZABILITY_NONLOCALIZED = YES;
				CLANG_ANALYZER_NONNULL = YES;
				CLANG_ANALYZER_NUMBER_OBJECT_CONVERSION = YES_AGGRESSIVE;
				CLANG_CXX_LANGUAGE_STANDARD = "gnu++20";
				CLANG_ENABLE_MODULES = YES;
				CLANG_ENABLE_OBJC_ARC = YES;
				CLANG_ENABLE_OBJC_WEAK = YES;
				CLANG_WARN_BLOCK_CAPTURE_AUTORELEASING = YES;
				CLANG_WARN_BOOL_CONVERSION = YES;
				CLANG_WARN_COMMA = YES;
				CLANG_WARN_CONSTANT_CONVERSION = YES;
				CLANG_WARN_DEPRECATED_OBJC_IMPLEMENTATIONS = YES;
				CLANG_WARN_DIRECT_OBJC_ISA_USAGE = YES_ERROR;
				CLANG_WARN_DOCUMENTATION_COMMENTS = YES;
				CLANG_WARN_EMPTY_BODY = YES;
				CLANG_WARN_ENUM_CONVERSION = YES;
				CLANG_WARN_INFINITE_RECURSION = YES;
				CLANG_WARN_INT_CONVERSION = YES;
				CLANG_WARN_NON_LITERAL_NULL_CONVERSION = YES;
				CLANG_WARN_OBJC_IMPLICIT_RETAIN_SELF = YES;
				CLANG_WARN_OBJC_LITERAL_CONVERSION = YES;
				CLANG_WARN_OBJC_ROOT_CLASS = YES_ERROR;
				CLANG_WARN_QUOTED_INCLUDE_IN_FRAMEWORK_HEADER = YES;
				CLANG_WARN_RANGE_LOOP_ANALYSIS = YES;
				CLANG_WARN_STRICT_PROTOTYPES = YES;
				CLANG_WARN_SUSPICIOUS_MOVE = YES;
				CLANG_WARN_UNGUARDED_AVAILABILITY = YES_AGGRESSIVE;
				CLANG_WARN_UNREACHABLE_CODE = YES;
				CLANG_WARN__DUPLICATE_METHOD_MATCH = YES;
				COPY_PHASE_STRIP = NO;
				DEAD_CODE_STRIPPING = YES;
				DEBUG_INFORMATION_FORMAT = "dwarf-with-dsym";
				DEVELOPMENT_TEAM = 8FQUA2F388;
				ENABLE_NS_ASSERTIONS = NO;
				ENABLE_STRICT_OBJC_MSGSEND = YES;
				ENABLE_USER_SCRIPT_SANDBOXING = YES;
				GCC_C_LANGUAGE_STANDARD = gnu17;
				GCC_NO_COMMON_BLOCKS = YES;
				GCC_WARN_64_TO_32_BIT_CONVERSION = YES;
				GCC_WARN_ABOUT_RETURN_TYPE = YES_ERROR;
				GCC_WARN_UNDECLARED_SELECTOR = YES;
				GCC_WARN_UNINITIALIZED_AUTOS = YES_AGGRESSIVE;
				GCC_WARN_UNUSED_FUNCTION = YES;
				GCC_WARN_UNUSED_VARIABLE = YES;
				LOCALIZATION_PREFERS_STRING_CATALOGS = YES;
				MARKETING_VERSION = 0.9;
				MTL_ENABLE_DEBUG_INFO = NO;
				MTL_FAST_MATH = YES;
				SWIFT_COMPILATION_MODE = wholemodule;
				SWIFT_EMIT_LOC_STRINGS = YES;
			};
			name = Release;
		};
		F32B208A2CD5823B00925351 /* Debug configuration for PBXNativeTarget "iOS" */ = {
			isa = XCBuildConfiguration;
			buildSettings = {
				ASSETCATALOG_COMPILER_APPICON_NAME = AppIcon;
				ASSETCATALOG_COMPILER_GLOBAL_ACCENT_COLOR_NAME = AccentColor;
				CODE_SIGN_ENTITLEMENTS = iOS/iOS.entitlements;
				CODE_SIGN_STYLE = Automatic;
				CURRENT_PROJECT_VERSION = 0;
				DEAD_CODE_STRIPPING = YES;
				ENABLE_HARDENED_RUNTIME = YES;
				ENABLE_PREVIEWS = YES;
				GENERATE_INFOPLIST_FILE = YES;
				INFOPLIST_FILE = iOS/iOS.plist;
				INFOPLIST_KEY_CFBundleDisplayName = Glucosy;
				INFOPLIST_KEY_ITSAppUsesNonExemptEncryption = NO;
				INFOPLIST_KEY_LSApplicationCategoryType = "public.app-category.healthcare-fitness";
				INFOPLIST_KEY_NSHealthShareUsageDescription = "Glucosy needs this permission in order to read health records";
				INFOPLIST_KEY_NSHealthUpdateUsageDescription = "Glucosy needs this permission in order to write health records";
				"INFOPLIST_KEY_UIApplicationSceneManifest_Generation[sdk=iphoneos*]" = YES;
				"INFOPLIST_KEY_UIApplicationSceneManifest_Generation[sdk=iphonesimulator*]" = YES;
				"INFOPLIST_KEY_UIApplicationSupportsIndirectInputEvents[sdk=iphoneos*]" = YES;
				"INFOPLIST_KEY_UIApplicationSupportsIndirectInputEvents[sdk=iphonesimulator*]" = YES;
				"INFOPLIST_KEY_UILaunchScreen_Generation[sdk=iphoneos*]" = YES;
				"INFOPLIST_KEY_UILaunchScreen_Generation[sdk=iphonesimulator*]" = YES;
				"INFOPLIST_KEY_UIStatusBarStyle[sdk=iphoneos*]" = UIStatusBarStyleDefault;
				"INFOPLIST_KEY_UIStatusBarStyle[sdk=iphonesimulator*]" = UIStatusBarStyleDefault;
				INFOPLIST_KEY_UISupportedInterfaceOrientations = "UIInterfaceOrientationLandscapeLeft UIInterfaceOrientationLandscapeRight UIInterfaceOrientationPortrait UIInterfaceOrientationPortraitUpsideDown";
				IPHONEOS_DEPLOYMENT_TARGET = 17.0;
				LD_RUNPATH_SEARCH_PATHS = "@executable_path/Frameworks";
				"LD_RUNPATH_SEARCH_PATHS[sdk=macosx*]" = "@executable_path/../Frameworks";
				MACOSX_DEPLOYMENT_TARGET = 15.0;
				PRODUCT_BUNDLE_IDENTIFIER = dev.topscrech.Glucosy;
				PRODUCT_NAME = "$(TARGET_NAME)";
				SDKROOT = auto;
				SUPPORTED_PLATFORMS = "iphoneos iphonesimulator";
				SUPPORTS_MACCATALYST = NO;
				SWIFT_EMIT_LOC_STRINGS = YES;
				SWIFT_VERSION = 5.0;
				TARGETED_DEVICE_FAMILY = "1,2";
				XROS_DEPLOYMENT_TARGET = 1.0;
			};
			name = Debug;
		};
		F32B208B2CD5823B00925351 /* Release configuration for PBXNativeTarget "iOS" */ = {
			isa = XCBuildConfiguration;
			buildSettings = {
				ASSETCATALOG_COMPILER_APPICON_NAME = AppIcon;
				ASSETCATALOG_COMPILER_GLOBAL_ACCENT_COLOR_NAME = AccentColor;
				CODE_SIGN_ENTITLEMENTS = iOS/iOS.entitlements;
				CODE_SIGN_STYLE = Automatic;
				CURRENT_PROJECT_VERSION = 0;
				DEAD_CODE_STRIPPING = YES;
				ENABLE_HARDENED_RUNTIME = YES;
				ENABLE_PREVIEWS = YES;
				GENERATE_INFOPLIST_FILE = YES;
				INFOPLIST_FILE = iOS/iOS.plist;
				INFOPLIST_KEY_CFBundleDisplayName = Glucosy;
				INFOPLIST_KEY_ITSAppUsesNonExemptEncryption = NO;
				INFOPLIST_KEY_LSApplicationCategoryType = "public.app-category.healthcare-fitness";
				INFOPLIST_KEY_NSHealthShareUsageDescription = "Glucosy needs this permission in order to read health records";
				INFOPLIST_KEY_NSHealthUpdateUsageDescription = "Glucosy needs this permission in order to write health records";
				"INFOPLIST_KEY_UIApplicationSceneManifest_Generation[sdk=iphoneos*]" = YES;
				"INFOPLIST_KEY_UIApplicationSceneManifest_Generation[sdk=iphonesimulator*]" = YES;
				"INFOPLIST_KEY_UIApplicationSupportsIndirectInputEvents[sdk=iphoneos*]" = YES;
				"INFOPLIST_KEY_UIApplicationSupportsIndirectInputEvents[sdk=iphonesimulator*]" = YES;
				"INFOPLIST_KEY_UILaunchScreen_Generation[sdk=iphoneos*]" = YES;
				"INFOPLIST_KEY_UILaunchScreen_Generation[sdk=iphonesimulator*]" = YES;
				"INFOPLIST_KEY_UIStatusBarStyle[sdk=iphoneos*]" = UIStatusBarStyleDefault;
				"INFOPLIST_KEY_UIStatusBarStyle[sdk=iphonesimulator*]" = UIStatusBarStyleDefault;
				INFOPLIST_KEY_UISupportedInterfaceOrientations = "UIInterfaceOrientationLandscapeLeft UIInterfaceOrientationLandscapeRight UIInterfaceOrientationPortrait UIInterfaceOrientationPortraitUpsideDown";
				IPHONEOS_DEPLOYMENT_TARGET = 17.0;
				LD_RUNPATH_SEARCH_PATHS = "@executable_path/Frameworks";
				"LD_RUNPATH_SEARCH_PATHS[sdk=macosx*]" = "@executable_path/../Frameworks";
				MACOSX_DEPLOYMENT_TARGET = 15.0;
				PRODUCT_BUNDLE_IDENTIFIER = dev.topscrech.Glucosy;
				PRODUCT_NAME = "$(TARGET_NAME)";
				SDKROOT = auto;
				SUPPORTED_PLATFORMS = "iphoneos iphonesimulator";
				SUPPORTS_MACCATALYST = NO;
				SWIFT_EMIT_LOC_STRINGS = YES;
				SWIFT_VERSION = 5.0;
				TARGETED_DEVICE_FAMILY = "1,2";
				XROS_DEPLOYMENT_TARGET = 1.0;
			};
			name = Release;
		};
		F3F8ED9C2D2EA2FE004A2638 /* Debug configuration for PBXNativeTarget "watchOS" */ = {
			isa = XCBuildConfiguration;
			buildSettings = {
				ASSETCATALOG_COMPILER_APPICON_NAME = AppIcon;
				ASSETCATALOG_COMPILER_GLOBAL_ACCENT_COLOR_NAME = AccentColor;
				CODE_SIGN_ENTITLEMENTS = watchOS/watchOS.entitlements;
				CODE_SIGN_STYLE = Automatic;
				CURRENT_PROJECT_VERSION = 0;
				ENABLE_PREVIEWS = YES;
				GENERATE_INFOPLIST_FILE = YES;
				INFOPLIST_KEY_CFBundleDisplayName = Glucosy;
				INFOPLIST_KEY_NSHealthShareUsageDescription = "Glucosy needs this permission in order to read health records";
				INFOPLIST_KEY_NSHealthUpdateUsageDescription = "Glucosy needs this permission in order to write health records";
				INFOPLIST_KEY_UISupportedInterfaceOrientations = "UIInterfaceOrientationPortrait UIInterfaceOrientationPortraitUpsideDown";
				INFOPLIST_KEY_WKCompanionAppBundleIdentifier = dev.topscrech.Glucosy;
				INFOPLIST_KEY_WKRunsIndependentlyOfCompanionApp = YES;
				LD_RUNPATH_SEARCH_PATHS = (
					"$(inherited)",
					"@executable_path/Frameworks",
				);
				PRODUCT_BUNDLE_IDENTIFIER = dev.topscrech.Glucosy.watchkitapp;
				PRODUCT_NAME = "$(TARGET_NAME)";
				SDKROOT = watchos;
				SKIP_INSTALL = YES;
				SWIFT_EMIT_LOC_STRINGS = YES;
				SWIFT_VERSION = 5.0;
				TARGETED_DEVICE_FAMILY = 4;
				WATCHOS_DEPLOYMENT_TARGET = 10.0;
			};
			name = Debug;
		};
		F3F8ED9D2D2EA2FE004A2638 /* Release configuration for PBXNativeTarget "watchOS" */ = {
			isa = XCBuildConfiguration;
			buildSettings = {
				ASSETCATALOG_COMPILER_APPICON_NAME = AppIcon;
				ASSETCATALOG_COMPILER_GLOBAL_ACCENT_COLOR_NAME = AccentColor;
				CODE_SIGN_ENTITLEMENTS = watchOS/watchOS.entitlements;
				CODE_SIGN_STYLE = Automatic;
				CURRENT_PROJECT_VERSION = 0;
				ENABLE_PREVIEWS = YES;
				GENERATE_INFOPLIST_FILE = YES;
				INFOPLIST_KEY_CFBundleDisplayName = Glucosy;
				INFOPLIST_KEY_NSHealthShareUsageDescription = "Glucosy needs this permission in order to read health records";
				INFOPLIST_KEY_NSHealthUpdateUsageDescription = "Glucosy needs this permission in order to write health records";
				INFOPLIST_KEY_UISupportedInterfaceOrientations = "UIInterfaceOrientationPortrait UIInterfaceOrientationPortraitUpsideDown";
				INFOPLIST_KEY_WKCompanionAppBundleIdentifier = dev.topscrech.Glucosy;
				INFOPLIST_KEY_WKRunsIndependentlyOfCompanionApp = YES;
				LD_RUNPATH_SEARCH_PATHS = (
					"$(inherited)",
					"@executable_path/Frameworks",
				);
				PRODUCT_BUNDLE_IDENTIFIER = dev.topscrech.Glucosy.watchkitapp;
				PRODUCT_NAME = "$(TARGET_NAME)";
				SDKROOT = watchos;
				SKIP_INSTALL = YES;
				SWIFT_EMIT_LOC_STRINGS = YES;
				SWIFT_VERSION = 5.0;
				TARGETED_DEVICE_FAMILY = 4;
				VALIDATE_PRODUCT = YES;
				WATCHOS_DEPLOYMENT_TARGET = 10.0;
			};
			name = Release;
		};
/* End XCBuildConfiguration section */

/* Begin XCConfigurationList section */
		F32A1DF02D2EEBD5008AEB2F /* Build configuration list for PBXNativeTarget "Widgets" */ = {
			isa = XCConfigurationList;
			buildConfigurations = (
				F32A1DF12D2EEBD5008AEB2F /* Debug configuration for PBXNativeTarget "Widgets" */,
				F32A1DF22D2EEBD5008AEB2F /* Release configuration for PBXNativeTarget "Widgets" */,
			);
			defaultConfigurationName = Release;
		};
		F32B20752CD5823B00925351 /* Build configuration list for PBXProject "Glucosy" */ = {
			isa = XCConfigurationList;
			buildConfigurations = (
				F32B20872CD5823B00925351 /* Debug configuration for PBXProject "Glucosy" */,
				F32B20882CD5823B00925351 /* Release configuration for PBXProject "Glucosy" */,
			);
			defaultConfigurationName = Release;
		};
		F32B20892CD5823B00925351 /* Build configuration list for PBXNativeTarget "iOS" */ = {
			isa = XCConfigurationList;
			buildConfigurations = (
				F32B208A2CD5823B00925351 /* Debug configuration for PBXNativeTarget "iOS" */,
				F32B208B2CD5823B00925351 /* Release configuration for PBXNativeTarget "iOS" */,
			);
			defaultConfigurationName = Release;
		};
		F3F8ED9B2D2EA2FE004A2638 /* Build configuration list for PBXNativeTarget "watchOS" */ = {
			isa = XCConfigurationList;
			buildConfigurations = (
				F3F8ED9C2D2EA2FE004A2638 /* Debug configuration for PBXNativeTarget "watchOS" */,
				F3F8ED9D2D2EA2FE004A2638 /* Release configuration for PBXNativeTarget "watchOS" */,
			);
			defaultConfigurationName = Release;
		};
/* End XCConfigurationList section */

/* Begin XCRemoteSwiftPackageReference section */
		F32B209C2CD5852800925351 /* XCRemoteSwiftPackageReference "HealthyKit" */ = {
			isa = XCRemoteSwiftPackageReference;
			repositoryURL = "https://github.com/TopScrech/HealthyKit";
			requirement = {
				branch = main;
				kind = branch;
			};
		};
		F32B209F2CD5853500925351 /* XCRemoteSwiftPackageReference "ScrechKit" */ = {
			isa = XCRemoteSwiftPackageReference;
			repositoryURL = "https://github.com/TopScrech/ScrechKit";
			requirement = {
				branch = main;
				kind = branch;
			};
		};
		F32B20A22CD5854700925351 /* XCRemoteSwiftPackageReference "swift-algorithms" */ = {
			isa = XCRemoteSwiftPackageReference;
			repositoryURL = "https://github.com/apple/swift-algorithms.git";
			requirement = {
				kind = upToNextMajorVersion;
				minimumVersion = 1.2.0;
			};
		};
/* End XCRemoteSwiftPackageReference section */

/* Begin XCSwiftPackageProductDependency section */
		F3242A302DDE803B000A16E8 /* ScrechKit */ = {
			isa = XCSwiftPackageProductDependency;
			package = F32B209F2CD5853500925351 /* XCRemoteSwiftPackageReference "ScrechKit" */;
			productName = ScrechKit;
		};
		F3242A322DDE804C000A16E8 /* ScrechKit */ = {
			isa = XCSwiftPackageProductDependency;
			package = F32B209F2CD5853500925351 /* XCRemoteSwiftPackageReference "ScrechKit" */;
			productName = ScrechKit;
		};
		F32B209D2CD5852800925351 /* HealthyKit */ = {
			isa = XCSwiftPackageProductDependency;
			package = F32B209C2CD5852800925351 /* XCRemoteSwiftPackageReference "HealthyKit" */;
			productName = HealthyKit;
		};
		F32B20A32CD5854700925351 /* Algorithms */ = {
			isa = XCSwiftPackageProductDependency;
			package = F32B20A22CD5854700925351 /* XCRemoteSwiftPackageReference "swift-algorithms" */;
			productName = Algorithms;
		};
/* End XCSwiftPackageProductDependency section */
	};
	rootObject = F32B20722CD5823B00925351 /* Project object */;
}
